PODS:
  - MBProgressHUD (1.0.0)
  - Pbind (0.2.2)
  - SDWebImage (3.8.2):
    - SDWebImage/Core (= 3.8.2)
  - SDWebImage/Core (3.8.2)

DEPENDENCIES:
  - MBProgressHUD (= 1.0.0)
  - Pbind (from `../`)
  - SDWebImage (= 3.8.2)

EXTERNAL SOURCES:
  Pbind:
    :path: "../"

SPEC CHECKSUMS:
  MBProgressHUD: 4890f671c94e8a0f3cf959aa731e9de2f036d71a
  Pbind: aad233f105c41b3a35494988c3abf5ffc7a465c3
  SDWebImage: 098e97e6176540799c27e804c96653ee0833d13c

PODFILE CHECKSUM: 51a58dbba022f75688f25b8eb2a12b9fea6f86a7

COCOAPODS: 1.0.1
