PODS:
  - MBProgressHUD (1.0.0)
  - Pbind (0.1.9)
  - SDWebImage (3.8.2):
    - SDWebImage/Core (= 3.8.2)
  - SDWebImage/Core (3.8.2)

DEPENDENCIES:
  - MBProgressHUD
  - Pbind (from `../`)
  - SDWebImage

EXTERNAL SOURCES:
  Pbind:
    :path: "../"

SPEC CHECKSUMS:
  MBProgressHUD: 4890f671c94e8a0f3cf959aa731e9de2f036d71a
  Pbind: 4aac062b565b853a65d6ef12cf9d78646e131b7a
  SDWebImage: 098e97e6176540799c27e804c96653ee0833d13c

PODFILE CHECKSUM: ac60894011dbb6a5f6a5f3399e66c42e899512be

COCOAPODS: 1.0.1
