// !$*UTF8*$!
{
	archiveVersion = 1;
	classes = {
	};
	objectVersion = 46;
	objects = {

/* Begin PBXBuildFile section */
		056988B9F218092D206B841B /* NSInputStream+Reader.m in Sources */ = {isa = PBXBuildFile; fileRef = 8E5C1EDC3D5832EFD4BCABA6 /* NSInputStream+Reader.m */; };
		15BBC7FB7818EAD954B64CDC /* PBSimulatorEnviroment.h in Headers */ = {isa = PBXBuildFile; fileRef = 1E19B096912C873EEF8DE0B8 /* PBSimulatorEnviroment.h */; };
		207AC902FD4A7454C89E6184 /* PBLLInspector.h in Headers */ = {isa = PBXBuildFile; fileRef = F93CFCED96A573F0EE751784 /* PBLLInspector.h */; };
		2142FED69E3E59E31D70AB5E /* PBLLRemoteWatcher.h in Headers */ = {isa = PBXBuildFile; fileRef = A7E021022D852731E7140278 /* PBLLRemoteWatcher.h */; };
		299F03085155640D4A44313A /* PBLiveLoader.m in Sources */ = {isa = PBXBuildFile; fileRef = F880CAD67363D945E07A999F /* PBLiveLoader.m */; };
		38A57B508EAB430035EB9514 /* PBDirectoryWatcher.h in Headers */ = {isa = PBXBuildFile; fileRef = AF7337D711C82BD7E47ECDE1 /* PBDirectoryWatcher.h */; };
		3E791FE8A095979785997C62 /* Pods_Pbind_Example.framework in Frameworks */ = {isa = PBXBuildFile; fileRef = 1D00B557B589B6EFFFCB852E /* Pods_Pbind_Example.framework */; };
		3E87B6C4E2C26CC5FA9CDB78 /* PBLLInspector.m in Sources */ = {isa = PBXBuildFile; fileRef = B66EEDADE25274F53A616908 /* PBLLInspector.m */; };
		4EEB12EFD53609582919F385 /* PBLiveLoader.h in Headers */ = {isa = PBXBuildFile; fileRef = 1CCF6CF73F84E85F030F612C /* PBLiveLoader.h */; };
		4FF8BA9C48E819F02880FF51 /* ignore.h in Headers */ = {isa = PBXBuildFile; fileRef = 8460DEE9E81C1FACF2429C24 /* ignore.h */; };
		6003F58E195388D20070C39A /* Foundation.framework in Frameworks */ = {isa = PBXBuildFile; fileRef = 6003F58D195388D20070C39A /* Foundation.framework */; };
		6003F590195388D20070C39A /* CoreGraphics.framework in Frameworks */ = {isa = PBXBuildFile; fileRef = 6003F58F195388D20070C39A /* CoreGraphics.framework */; };
		6003F592195388D20070C39A /* UIKit.framework in Frameworks */ = {isa = PBXBuildFile; fileRef = 6003F591195388D20070C39A /* UIKit.framework */; };
		6003F598195388D20070C39A /* InfoPlist.strings in Resources */ = {isa = PBXBuildFile; fileRef = 6003F596195388D20070C39A /* InfoPlist.strings */; };
		6003F59A195388D20070C39A /* main.m in Sources */ = {isa = PBXBuildFile; fileRef = 6003F599195388D20070C39A /* main.m */; };
		6003F59E195388D20070C39A /* PBAppDelegate.m in Sources */ = {isa = PBXBuildFile; fileRef = 6003F59D195388D20070C39A /* PBAppDelegate.m */; };
		6003F5A7195388D20070C39A /* PBGroupInfoController.m in Sources */ = {isa = PBXBuildFile; fileRef = 6003F5A6195388D20070C39A /* PBGroupInfoController.m */; };
		6003F5A9195388D20070C39A /* Images.xcassets in Resources */ = {isa = PBXBuildFile; fileRef = 6003F5A8195388D20070C39A /* Images.xcassets */; };
		6003F5B0195388D20070C39A /* XCTest.framework in Frameworks */ = {isa = PBXBuildFile; fileRef = 6003F5AF195388D20070C39A /* XCTest.framework */; };
		6003F5B1195388D20070C39A /* Foundation.framework in Frameworks */ = {isa = PBXBuildFile; fileRef = 6003F58D195388D20070C39A /* Foundation.framework */; };
		6003F5B2195388D20070C39A /* UIKit.framework in Frameworks */ = {isa = PBXBuildFile; fileRef = 6003F591195388D20070C39A /* UIKit.framework */; };
		6003F5BA195388D20070C39A /* InfoPlist.strings in Resources */ = {isa = PBXBuildFile; fileRef = 6003F5B8195388D20070C39A /* InfoPlist.strings */; };
		873B8AEB1B1F5CCA007FD442 /* Main.storyboard in Resources */ = {isa = PBXBuildFile; fileRef = 873B8AEA1B1F5CCA007FD442 /* Main.storyboard */; };
		9424118A18D64DBFAE4E1D03 /* PBLLInspectorController.m in Sources */ = {isa = PBXBuildFile; fileRef = 2FFE9138696A2C556E8940BC /* PBLLInspectorController.m */; };
		A4A96007E949080FF119465E /* PBLLRemoteWatcher.m in Sources */ = {isa = PBXBuildFile; fileRef = ACAC7DAE25FAB7C4F433AD37 /* PBLLRemoteWatcher.m */; };
		B7A7EC036637F3314E985F9E /* PBLLInspectorController.h in Headers */ = {isa = PBXBuildFile; fileRef = 84AEF82C9B5991A26075B41F /* PBLLInspectorController.h */; };
		D788144B42F8CA58B47BDDC9 /* NSInputStream+Reader.h in Headers */ = {isa = PBXBuildFile; fileRef = 7BA74845B6E451804F5E9640 /* NSInputStream+Reader.h */; };
		F47A9C19566F9CE3A8DA7411 /* PBDirectoryWatcher.m in Sources */ = {isa = PBXBuildFile; fileRef = 47B918E9954F64079979B1FA /* PBDirectoryWatcher.m */; };
		F8039BE01E3437DC009C5372 /* level1.plist in Resources */ = {isa = PBXBuildFile; fileRef = F8039BDF1E3437DC009C5372 /* level1.plist */; };
		F8039BE21E3437EB009C5372 /* level1.xml in Resources */ = {isa = PBXBuildFile; fileRef = F8039BE11E3437EB009C5372 /* level1.xml */; };
		F8039BE41E343871009C5372 /* level1.json in Resources */ = {isa = PBXBuildFile; fileRef = F8039BE31E343871009C5372 /* level1.json */; };
		F8039BE71E343995009C5372 /* BMXMLParser.h in Headers */ = {isa = PBXBuildFile; fileRef = F8039BE51E343995009C5372 /* BMXMLParser.h */; };
		F8039BE81E343995009C5372 /* BMXMLParser.m in Sources */ = {isa = PBXBuildFile; fileRef = F8039BE61E343995009C5372 /* BMXMLParser.m */; };
		F8039BEA1E343B11009C5372 /* BMParsingTests.m in Sources */ = {isa = PBXBuildFile; fileRef = F8039BE91E343B11009C5372 /* BMParsingTests.m */; };
		F8039C2F1E47780C009C5372 /* example.plist in Resources */ = {isa = PBXBuildFile; fileRef = F8039C2E1E47780C009C5372 /* example.plist */; };
		F8039C311E47781F009C5372 /* example.xml in Resources */ = {isa = PBXBuildFile; fileRef = F8039C301E47781F009C5372 /* example.xml */; };
		F80D43301D8E667D00FF298B /* PBExpressionTests.m in Sources */ = {isa = PBXBuildFile; fileRef = F80D432F1D8E667D00FF298B /* PBExpressionTests.m */; };
		F80FB22D1D913E2400DD48F4 /* table.members.plist in Resources */ = {isa = PBXBuildFile; fileRef = F80FB22C1D913E2400DD48F4 /* table.members.plist */; };
		F84079D21F6381C200E1719D /* form.demo.plist in Resources */ = {isa = PBXBuildFile; fileRef = F84079D11F6381C200E1719D /* form.demo.plist */; };
		F86CC7971F3A032B00DA9FFD /* table.view.plist in Resources */ = {isa = PBXBuildFile; fileRef = F86CC7961F3A032B00DA9FFD /* table.view.plist */; };
		F86CC79B1F3A0B1100DA9FFD /* header.common.plist in Resources */ = {isa = PBXBuildFile; fileRef = F86CC79A1F3A0B1100DA9FFD /* header.common.plist */; };
		F86CC79E1F3A139600DA9FFD /* MyStyle.h in Headers */ = {isa = PBXBuildFile; fileRef = F86CC79C1F3A139600DA9FFD /* MyStyle.h */; };
		F86CC79F1F3A139600DA9FFD /* MyStyle.m in Sources */ = {isa = PBXBuildFile; fileRef = F86CC79D1F3A139600DA9FFD /* MyStyle.m */; };
		F86CC7A21F3A263600DA9FFD /* table.label.plist in Resources */ = {isa = PBXBuildFile; fileRef = F86CC7A11F3A263600DA9FFD /* table.label.plist */; };
		F86CC7A51F46027400DA9FFD /* table.button.plist in Resources */ = {isa = PBXBuildFile; fileRef = F86CC7A41F46027400DA9FFD /* table.button.plist */; };
		F86CC7A71F46029C00DA9FFD /* cell.button.plist in Resources */ = {isa = PBXBuildFile; fileRef = F86CC7A61F46029C00DA9FFD /* cell.button.plist */; };
		F86CC7AA1F47082700DA9FFD /* scroll.action.plist in Resources */ = {isa = PBXBuildFile; fileRef = F86CC7A91F47082700DA9FFD /* scroll.action.plist */; };
		F86CC7AD1F49737100DA9FFD /* table.refresh.plist in Resources */ = {isa = PBXBuildFile; fileRef = F86CC7AC1F49737100DA9FFD /* table.refresh.plist */; };
		F89500CD1D87AB9C0038A3E5 /* form.addgroup.plist in Resources */ = {isa = PBXBuildFile; fileRef = F89500CB1D87AB9C0038A3E5 /* form.addgroup.plist */; };
		F89500CE1D87AB9C0038A3E5 /* table.group.plist in Resources */ = {isa = PBXBuildFile; fileRef = F89500CC1D87AB9C0038A3E5 /* table.group.plist */; };
		F89500D61D87ABC00038A3E5 /* PBExampleClient.m in Sources */ = {isa = PBXBuildFile; fileRef = F89500D51D87ABC00038A3E5 /* PBExampleClient.m */; };
		F89500DB1D87ABCC0038A3E5 /* UIImageView+PBExample.m in Sources */ = {isa = PBXBuildFile; fileRef = F89500D81D87ABCC0038A3E5 /* UIImageView+PBExample.m */; };
		F89500DC1D87ABCC0038A3E5 /* PbindAdapter.m in Sources */ = {isa = PBXBuildFile; fileRef = F89500DA1D87ABCC0038A3E5 /* PbindAdapter.m */; };
		F89500E11D87B0C20038A3E5 /* PBValueParserTests.m in Sources */ = {isa = PBXBuildFile; fileRef = F89500E01D87B0C20038A3E5 /* PBValueParserTests.m */; };
		F8A02BEB1F1217D30058028E /* item.member.plist in Resources */ = {isa = PBXBuildFile; fileRef = F8A02BEA1F1217D30058028E /* item.member.plist */; };
		F8A02C081F2F7E5C0058028E /* LaunchScreen.storyboard in Resources */ = {isa = PBXBuildFile; fileRef = F8A02C071F2F7E5C0058028E /* LaunchScreen.storyboard */; };
		F8A02C0C1F30C5A80058028E /* table.main.plist in Resources */ = {isa = PBXBuildFile; fileRef = F8A02C0B1F30C5A80058028E /* table.main.plist */; };
		F8A02C0E1F30DBA20058028E /* cell.view.plist in Resources */ = {isa = PBXBuildFile; fileRef = F8A02C0D1F30DBA20058028E /* cell.view.plist */; };
		F8A02C101F30DC770058028E /* abc.plist in Resources */ = {isa = PBXBuildFile; fileRef = F8A02C0F1F30DC770058028E /* abc.plist */; };
		F8A839541E02A73A0014F259 /* PBCustomUIAction.m in Sources */ = {isa = PBXBuildFile; fileRef = F8A839531E02A73A0014F259 /* PBCustomUIAction.m */; };
/* End PBXBuildFile section */

/* Begin PBXContainerItemProxy section */
		6003F5B3195388D20070C39A /* PBXContainerItemProxy */ = {
			isa = PBXContainerItemProxy;
			containerPortal = 6003F582195388D10070C39A /* Project object */;
			proxyType = 1;
			remoteGlobalIDString = 6003F589195388D20070C39A;
			remoteInfo = Pbind;
		};
/* End PBXContainerItemProxy section */

/* Begin PBXFileReference section */
		0FDAE7C21C76D694B2FD3681 /* Pods_Pbind_Tests.framework */ = {isa = PBXFileReference; explicitFileType = wrapper.framework; includeInIndex = 0; path = Pods_Pbind_Tests.framework; sourceTree = BUILT_PRODUCTS_DIR; };
		1CCF6CF73F84E85F030F612C /* PBLiveLoader.h */ = {isa = PBXFileReference; includeInIndex = 1; lastKnownFileType = sourcecode.c.h; name = PBLiveLoader.h; path = PBLiveLoader/PBLiveLoader.h; sourceTree = "<group>"; };
		1D00B557B589B6EFFFCB852E /* Pods_Pbind_Example.framework */ = {isa = PBXFileReference; explicitFileType = wrapper.framework; includeInIndex = 0; path = Pods_Pbind_Example.framework; sourceTree = BUILT_PRODUCTS_DIR; };
		1E19B096912C873EEF8DE0B8 /* PBSimulatorEnviroment.h */ = {isa = PBXFileReference; includeInIndex = 1; lastKnownFileType = sourcecode.c.h; name = PBSimulatorEnviroment.h; path = PBLiveLoader/PBSimulatorEnviroment.h; sourceTree = "<group>"; };
		2627027C9C8652FB25A397AA /* README.md */ = {isa = PBXFileReference; includeInIndex = 1; lastKnownFileType = net.daringfireball.markdown; name = README.md; path = ../README.md; sourceTree = "<group>"; };
		2FFE9138696A2C556E8940BC /* PBLLInspectorController.m */ = {isa = PBXFileReference; includeInIndex = 1; lastKnownFileType = sourcecode.c.objc; name = PBLLInspectorController.m; path = PBLiveLoader/PBLLInspectorController.m; sourceTree = "<group>"; };
		47B918E9954F64079979B1FA /* PBDirectoryWatcher.m */ = {isa = PBXFileReference; includeInIndex = 1; lastKnownFileType = sourcecode.c.objc; name = PBDirectoryWatcher.m; path = PBLiveLoader/PBDirectoryWatcher.m; sourceTree = "<group>"; };
		55A1CBB835E651FB9CBFC89D /* Pods-Pbind_Example.debug.xcconfig */ = {isa = PBXFileReference; includeInIndex = 1; lastKnownFileType = text.xcconfig; name = "Pods-Pbind_Example.debug.xcconfig"; path = "Pods/Target Support Files/Pods-Pbind_Example/Pods-Pbind_Example.debug.xcconfig"; sourceTree = "<group>"; };
		6003F58A195388D20070C39A /* Pbind_Example.app */ = {isa = PBXFileReference; explicitFileType = wrapper.application; includeInIndex = 0; path = Pbind_Example.app; sourceTree = BUILT_PRODUCTS_DIR; };
		6003F58D195388D20070C39A /* Foundation.framework */ = {isa = PBXFileReference; lastKnownFileType = wrapper.framework; name = Foundation.framework; path = System/Library/Frameworks/Foundation.framework; sourceTree = SDKROOT; };
		6003F58F195388D20070C39A /* CoreGraphics.framework */ = {isa = PBXFileReference; lastKnownFileType = wrapper.framework; name = CoreGraphics.framework; path = System/Library/Frameworks/CoreGraphics.framework; sourceTree = SDKROOT; };
		6003F591195388D20070C39A /* UIKit.framework */ = {isa = PBXFileReference; lastKnownFileType = wrapper.framework; name = UIKit.framework; path = System/Library/Frameworks/UIKit.framework; sourceTree = SDKROOT; };
		6003F595195388D20070C39A /* Pbind-Info.plist */ = {isa = PBXFileReference; lastKnownFileType = text.plist.xml; path = "Pbind-Info.plist"; sourceTree = "<group>"; };
		6003F597195388D20070C39A /* en */ = {isa = PBXFileReference; lastKnownFileType = text.plist.strings; name = en; path = en.lproj/InfoPlist.strings; sourceTree = "<group>"; };
		6003F599195388D20070C39A /* main.m */ = {isa = PBXFileReference; lastKnownFileType = sourcecode.c.objc; path = main.m; sourceTree = "<group>"; };
		6003F59B195388D20070C39A /* Pbind-Prefix.pch */ = {isa = PBXFileReference; lastKnownFileType = sourcecode.c.h; path = "Pbind-Prefix.pch"; sourceTree = "<group>"; };
		6003F59C195388D20070C39A /* PBAppDelegate.h */ = {isa = PBXFileReference; lastKnownFileType = sourcecode.c.h; path = PBAppDelegate.h; sourceTree = "<group>"; };
		6003F59D195388D20070C39A /* PBAppDelegate.m */ = {isa = PBXFileReference; lastKnownFileType = sourcecode.c.objc; path = PBAppDelegate.m; sourceTree = "<group>"; };
		6003F5A5195388D20070C39A /* PBGroupInfoController.h */ = {isa = PBXFileReference; lastKnownFileType = sourcecode.c.h; path = PBGroupInfoController.h; sourceTree = "<group>"; };
		6003F5A6195388D20070C39A /* PBGroupInfoController.m */ = {isa = PBXFileReference; lastKnownFileType = sourcecode.c.objc; path = PBGroupInfoController.m; sourceTree = "<group>"; };
		6003F5A8195388D20070C39A /* Images.xcassets */ = {isa = PBXFileReference; lastKnownFileType = folder.assetcatalog; path = Images.xcassets; sourceTree = "<group>"; };
		6003F5AE195388D20070C39A /* Pbind_Tests.xctest */ = {isa = PBXFileReference; explicitFileType = wrapper.cfbundle; includeInIndex = 0; path = Pbind_Tests.xctest; sourceTree = BUILT_PRODUCTS_DIR; };
		6003F5AF195388D20070C39A /* XCTest.framework */ = {isa = PBXFileReference; lastKnownFileType = wrapper.framework; name = XCTest.framework; path = Library/Frameworks/XCTest.framework; sourceTree = DEVELOPER_DIR; };
		6003F5B7195388D20070C39A /* Tests-Info.plist */ = {isa = PBXFileReference; lastKnownFileType = text.plist.xml; path = "Tests-Info.plist"; sourceTree = "<group>"; };
		6003F5B9195388D20070C39A /* en */ = {isa = PBXFileReference; lastKnownFileType = text.plist.strings; name = en; path = en.lproj/InfoPlist.strings; sourceTree = "<group>"; };
		6DAD5323CFB388DE0933507C /* Pbind.podspec */ = {isa = PBXFileReference; includeInIndex = 1; lastKnownFileType = text; name = Pbind.podspec; path = ../Pbind.podspec; sourceTree = "<group>"; };
		7BA74845B6E451804F5E9640 /* NSInputStream+Reader.h */ = {isa = PBXFileReference; includeInIndex = 1; lastKnownFileType = sourcecode.c.h; name = "NSInputStream+Reader.h"; path = "PBLiveLoader/NSInputStream+Reader.h"; sourceTree = "<group>"; };
		8460DEE9E81C1FACF2429C24 /* ignore.h */ = {isa = PBXFileReference; includeInIndex = 1; lastKnownFileType = sourcecode.c.h; name = ignore.h; path = PBLocalhost/ignore.h; sourceTree = "<group>"; };
		84AEF82C9B5991A26075B41F /* PBLLInspectorController.h */ = {isa = PBXFileReference; includeInIndex = 1; lastKnownFileType = sourcecode.c.h; name = PBLLInspectorController.h; path = PBLiveLoader/PBLLInspectorController.h; sourceTree = "<group>"; };
		873B8AEA1B1F5CCA007FD442 /* Main.storyboard */ = {isa = PBXFileReference; fileEncoding = 4; lastKnownFileType = file.storyboard; path = Main.storyboard; sourceTree = "<group>"; };
		8E5C1EDC3D5832EFD4BCABA6 /* NSInputStream+Reader.m */ = {isa = PBXFileReference; includeInIndex = 1; lastKnownFileType = sourcecode.c.objc; name = "NSInputStream+Reader.m"; path = "PBLiveLoader/NSInputStream+Reader.m"; sourceTree = "<group>"; };
		A7E021022D852731E7140278 /* PBLLRemoteWatcher.h */ = {isa = PBXFileReference; includeInIndex = 1; lastKnownFileType = sourcecode.c.h; name = PBLLRemoteWatcher.h; path = PBLiveLoader/PBLLRemoteWatcher.h; sourceTree = "<group>"; };
		ACAC7DAE25FAB7C4F433AD37 /* PBLLRemoteWatcher.m */ = {isa = PBXFileReference; includeInIndex = 1; lastKnownFileType = sourcecode.c.objc; name = PBLLRemoteWatcher.m; path = PBLiveLoader/PBLLRemoteWatcher.m; sourceTree = "<group>"; };
		AF7337D711C82BD7E47ECDE1 /* PBDirectoryWatcher.h */ = {isa = PBXFileReference; includeInIndex = 1; lastKnownFileType = sourcecode.c.h; name = PBDirectoryWatcher.h; path = PBLiveLoader/PBDirectoryWatcher.h; sourceTree = "<group>"; };
		B66EEDADE25274F53A616908 /* PBLLInspector.m */ = {isa = PBXFileReference; includeInIndex = 1; lastKnownFileType = sourcecode.c.objc; name = PBLLInspector.m; path = PBLiveLoader/PBLLInspector.m; sourceTree = "<group>"; };
		C9A6AD796B424285D2184205 /* LICENSE */ = {isa = PBXFileReference; includeInIndex = 1; lastKnownFileType = text; name = LICENSE; path = ../LICENSE; sourceTree = "<group>"; };
		F255872ABDC8B50205417D02 /* Pods-Pbind_Example.release.xcconfig */ = {isa = PBXFileReference; includeInIndex = 1; lastKnownFileType = text.xcconfig; name = "Pods-Pbind_Example.release.xcconfig"; path = "Pods/Target Support Files/Pods-Pbind_Example/Pods-Pbind_Example.release.xcconfig"; sourceTree = "<group>"; };
		F8039BDF1E3437DC009C5372 /* level1.plist */ = {isa = PBXFileReference; fileEncoding = 4; lastKnownFileType = text.plist.xml; path = level1.plist; sourceTree = "<group>"; };
		F8039BE11E3437EB009C5372 /* level1.xml */ = {isa = PBXFileReference; fileEncoding = 4; lastKnownFileType = text.xml; path = level1.xml; sourceTree = "<group>"; };
		F8039BE31E343871009C5372 /* level1.json */ = {isa = PBXFileReference; fileEncoding = 4; lastKnownFileType = text.json; path = level1.json; sourceTree = "<group>"; };
		F8039BE51E343995009C5372 /* BMXMLParser.h */ = {isa = PBXFileReference; fileEncoding = 4; lastKnownFileType = sourcecode.c.h; path = BMXMLParser.h; sourceTree = "<group>"; };
		F8039BE61E343995009C5372 /* BMXMLParser.m */ = {isa = PBXFileReference; fileEncoding = 4; lastKnownFileType = sourcecode.c.objc; path = BMXMLParser.m; sourceTree = "<group>"; };
		F8039BE91E343B11009C5372 /* BMParsingTests.m */ = {isa = PBXFileReference; fileEncoding = 4; lastKnownFileType = sourcecode.c.objc; path = BMParsingTests.m; sourceTree = "<group>"; };
		F8039C2E1E47780C009C5372 /* example.plist */ = {isa = PBXFileReference; fileEncoding = 4; lastKnownFileType = text.plist.xml; path = example.plist; sourceTree = "<group>"; };
		F8039C301E47781F009C5372 /* example.xml */ = {isa = PBXFileReference; fileEncoding = 4; lastKnownFileType = text.xml; path = example.xml; sourceTree = "<group>"; };
		F80D432F1D8E667D00FF298B /* PBExpressionTests.m */ = {isa = PBXFileReference; fileEncoding = 4; lastKnownFileType = sourcecode.c.objc; path = PBExpressionTests.m; sourceTree = "<group>"; };
		F80FB22C1D913E2400DD48F4 /* table.members.plist */ = {isa = PBXFileReference; fileEncoding = 4; lastKnownFileType = text.plist.xml; path = table.members.plist; sourceTree = "<group>"; };
		F84079D11F6381C200E1719D /* form.demo.plist */ = {isa = PBXFileReference; fileEncoding = 4; lastKnownFileType = text.plist.xml; path = form.demo.plist; sourceTree = "<group>"; };
		F86CC7961F3A032B00DA9FFD /* table.view.plist */ = {isa = PBXFileReference; fileEncoding = 4; lastKnownFileType = text.plist.xml; path = table.view.plist; sourceTree = "<group>"; };
		F86CC79A1F3A0B1100DA9FFD /* header.common.plist */ = {isa = PBXFileReference; fileEncoding = 4; lastKnownFileType = text.plist.xml; path = header.common.plist; sourceTree = "<group>"; };
		F86CC79C1F3A139600DA9FFD /* MyStyle.h */ = {isa = PBXFileReference; fileEncoding = 4; lastKnownFileType = sourcecode.c.h; path = MyStyle.h; sourceTree = "<group>"; };
		F86CC79D1F3A139600DA9FFD /* MyStyle.m */ = {isa = PBXFileReference; fileEncoding = 4; lastKnownFileType = sourcecode.c.objc; path = MyStyle.m; sourceTree = "<group>"; };
		F86CC7A11F3A263600DA9FFD /* table.label.plist */ = {isa = PBXFileReference; fileEncoding = 4; lastKnownFileType = text.plist.xml; path = table.label.plist; sourceTree = "<group>"; };
		F86CC7A41F46027400DA9FFD /* table.button.plist */ = {isa = PBXFileReference; fileEncoding = 4; lastKnownFileType = text.plist.xml; path = table.button.plist; sourceTree = "<group>"; };
		F86CC7A61F46029C00DA9FFD /* cell.button.plist */ = {isa = PBXFileReference; fileEncoding = 4; lastKnownFileType = text.plist.xml; path = cell.button.plist; sourceTree = "<group>"; };
		F86CC7A91F47082700DA9FFD /* scroll.action.plist */ = {isa = PBXFileReference; fileEncoding = 4; lastKnownFileType = text.plist.xml; path = scroll.action.plist; sourceTree = "<group>"; };
		F86CC7AC1F49737100DA9FFD /* table.refresh.plist */ = {isa = PBXFileReference; fileEncoding = 4; lastKnownFileType = text.plist.xml; path = table.refresh.plist; sourceTree = "<group>"; };
		F880CAD67363D945E07A999F /* PBLiveLoader.m */ = {isa = PBXFileReference; includeInIndex = 1; lastKnownFileType = sourcecode.c.objc; name = PBLiveLoader.m; path = PBLiveLoader/PBLiveLoader.m; sourceTree = "<group>"; };
		F89500CB1D87AB9C0038A3E5 /* form.addgroup.plist */ = {isa = PBXFileReference; fileEncoding = 4; lastKnownFileType = text.plist.xml; path = form.addgroup.plist; sourceTree = "<group>"; };
		F89500CC1D87AB9C0038A3E5 /* table.group.plist */ = {isa = PBXFileReference; fileEncoding = 4; lastKnownFileType = text.plist.xml; path = table.group.plist; sourceTree = "<group>"; };
		F89500D41D87ABC00038A3E5 /* PBExampleClient.h */ = {isa = PBXFileReference; fileEncoding = 4; lastKnownFileType = sourcecode.c.h; path = PBExampleClient.h; sourceTree = "<group>"; };
		F89500D51D87ABC00038A3E5 /* PBExampleClient.m */ = {isa = PBXFileReference; fileEncoding = 4; lastKnownFileType = sourcecode.c.objc; path = PBExampleClient.m; sourceTree = "<group>"; };
		F89500D71D87ABCC0038A3E5 /* UIImageView+PBExample.h */ = {isa = PBXFileReference; fileEncoding = 4; lastKnownFileType = sourcecode.c.h; path = "UIImageView+PBExample.h"; sourceTree = "<group>"; };
		F89500D81D87ABCC0038A3E5 /* UIImageView+PBExample.m */ = {isa = PBXFileReference; fileEncoding = 4; lastKnownFileType = sourcecode.c.objc; path = "UIImageView+PBExample.m"; sourceTree = "<group>"; };
		F89500D91D87ABCC0038A3E5 /* PbindAdapter.h */ = {isa = PBXFileReference; fileEncoding = 4; lastKnownFileType = sourcecode.c.h; path = PbindAdapter.h; sourceTree = "<group>"; };
		F89500DA1D87ABCC0038A3E5 /* PbindAdapter.m */ = {isa = PBXFileReference; fileEncoding = 4; lastKnownFileType = sourcecode.c.objc; path = PbindAdapter.m; sourceTree = "<group>"; };
		F89500E01D87B0C20038A3E5 /* PBValueParserTests.m */ = {isa = PBXFileReference; fileEncoding = 4; lastKnownFileType = sourcecode.c.objc; path = PBValueParserTests.m; sourceTree = "<group>"; };
		F8A02BEA1F1217D30058028E /* item.member.plist */ = {isa = PBXFileReference; fileEncoding = 4; lastKnownFileType = text.plist.xml; path = item.member.plist; sourceTree = "<group>"; };
		F8A02C071F2F7E5C0058028E /* LaunchScreen.storyboard */ = {isa = PBXFileReference; fileEncoding = 4; lastKnownFileType = file.storyboard; path = LaunchScreen.storyboard; sourceTree = "<group>"; };
		F8A02C0B1F30C5A80058028E /* table.main.plist */ = {isa = PBXFileReference; fileEncoding = 4; lastKnownFileType = text.plist.xml; path = table.main.plist; sourceTree = "<group>"; };
		F8A02C0D1F30DBA20058028E /* cell.view.plist */ = {isa = PBXFileReference; fileEncoding = 4; lastKnownFileType = text.plist.xml; path = cell.view.plist; sourceTree = "<group>"; };
		F8A02C0F1F30DC770058028E /* abc.plist */ = {isa = PBXFileReference; fileEncoding = 4; lastKnownFileType = text.plist.xml; path = abc.plist; sourceTree = "<group>"; };
		F8A839521E02A73A0014F259 /* PBCustomUIAction.h */ = {isa = PBXFileReference; fileEncoding = 4; lastKnownFileType = sourcecode.c.h; path = PBCustomUIAction.h; sourceTree = "<group>"; };
		F8A839531E02A73A0014F259 /* PBCustomUIAction.m */ = {isa = PBXFileReference; fileEncoding = 4; lastKnownFileType = sourcecode.c.objc; path = PBCustomUIAction.m; sourceTree = "<group>"; };
		F93CFCED96A573F0EE751784 /* PBLLInspector.h */ = {isa = PBXFileReference; includeInIndex = 1; lastKnownFileType = sourcecode.c.h; name = PBLLInspector.h; path = PBLiveLoader/PBLLInspector.h; sourceTree = "<group>"; };
/* End PBXFileReference section */

/* Begin PBXFrameworksBuildPhase section */
		6003F587195388D20070C39A /* Frameworks */ = {
			isa = PBXFrameworksBuildPhase;
			buildActionMask = 2147483647;
			files = (
				6003F590195388D20070C39A /* CoreGraphics.framework in Frameworks */,
				6003F592195388D20070C39A /* UIKit.framework in Frameworks */,
				6003F58E195388D20070C39A /* Foundation.framework in Frameworks */,
				3E791FE8A095979785997C62 /* Pods_Pbind_Example.framework in Frameworks */,
			);
			runOnlyForDeploymentPostprocessing = 0;
		};
		6003F5AB195388D20070C39A /* Frameworks */ = {
			isa = PBXFrameworksBuildPhase;
			buildActionMask = 2147483647;
			files = (
				6003F5B0195388D20070C39A /* XCTest.framework in Frameworks */,
				6003F5B2195388D20070C39A /* UIKit.framework in Frameworks */,
				6003F5B1195388D20070C39A /* Foundation.framework in Frameworks */,
			);
			runOnlyForDeploymentPostprocessing = 0;
		};
/* End PBXFrameworksBuildPhase section */

/* Begin PBXGroup section */
		11ACFDA469824D1B4DE9737A /* PBLocalhost */ = {
			isa = PBXGroup;
			children = (
				8460DEE9E81C1FACF2429C24 /* ignore.h */,
			);
			name = PBLocalhost;
			sourceTree = "<group>";
		};
		6003F581195388D10070C39A = {
			isa = PBXGroup;
			children = (
				60FF7A9C1954A5C5007DD14C /* Podspec Metadata */,
				6003F593195388D20070C39A /* Example for Pbind */,
				6003F5B5195388D20070C39A /* Tests */,
				6003F58C195388D20070C39A /* Frameworks */,
				6003F58B195388D20070C39A /* Products */,
				614EE4597655475B688B1510 /* Pods */,
				11ACFDA469824D1B4DE9737A /* PBLocalhost */,
				86B7480628E6409DDF9834A5 /* PBLiveLoader */,
			);
			sourceTree = "<group>";
		};
		6003F58B195388D20070C39A /* Products */ = {
			isa = PBXGroup;
			children = (
				6003F58A195388D20070C39A /* Pbind_Example.app */,
				6003F5AE195388D20070C39A /* Pbind_Tests.xctest */,
			);
			name = Products;
			sourceTree = "<group>";
		};
		6003F58C195388D20070C39A /* Frameworks */ = {
			isa = PBXGroup;
			children = (
				6003F58D195388D20070C39A /* Foundation.framework */,
				6003F58F195388D20070C39A /* CoreGraphics.framework */,
				6003F591195388D20070C39A /* UIKit.framework */,
				6003F5AF195388D20070C39A /* XCTest.framework */,
				1D00B557B589B6EFFFCB852E /* Pods_Pbind_Example.framework */,
				0FDAE7C21C76D694B2FD3681 /* Pods_Pbind_Tests.framework */,
			);
			name = Frameworks;
			sourceTree = "<group>";
		};
		6003F593195388D20070C39A /* Example for Pbind */ = {
			isa = PBXGroup;
			children = (
				F89500CA1D87AB8E0038A3E5 /* Plist */,
				F89500C91D87AB880038A3E5 /* View */,
				F89500C81D87AB820038A3E5 /* Client */,
				F89500C71D87AB7B0038A3E5 /* Adapter */,
				6003F59C195388D20070C39A /* PBAppDelegate.h */,
				6003F59D195388D20070C39A /* PBAppDelegate.m */,
				F8A02C071F2F7E5C0058028E /* LaunchScreen.storyboard */,
				873B8AEA1B1F5CCA007FD442 /* Main.storyboard */,
				6003F5A5195388D20070C39A /* PBGroupInfoController.h */,
				6003F5A6195388D20070C39A /* PBGroupInfoController.m */,
				6003F5A8195388D20070C39A /* Images.xcassets */,
				6003F594195388D20070C39A /* Supporting Files */,
			);
			name = "Example for Pbind";
			path = Pbind;
			sourceTree = "<group>";
		};
		6003F594195388D20070C39A /* Supporting Files */ = {
			isa = PBXGroup;
			children = (
				6003F595195388D20070C39A /* Pbind-Info.plist */,
				6003F596195388D20070C39A /* InfoPlist.strings */,
				6003F599195388D20070C39A /* main.m */,
				6003F59B195388D20070C39A /* Pbind-Prefix.pch */,
			);
			name = "Supporting Files";
			sourceTree = "<group>";
		};
		6003F5B5195388D20070C39A /* Tests */ = {
			isa = PBXGroup;
			children = (
				F89500E01D87B0C20038A3E5 /* PBValueParserTests.m */,
				F80D432F1D8E667D00FF298B /* PBExpressionTests.m */,
				F8039BDE1E3437DC009C5372 /* Benchmark */,
				F8039BE91E343B11009C5372 /* BMParsingTests.m */,
				6003F5B6195388D20070C39A /* Supporting Files */,
			);
			path = Tests;
			sourceTree = "<group>";
		};
		6003F5B6195388D20070C39A /* Supporting Files */ = {
			isa = PBXGroup;
			children = (
				6003F5B7195388D20070C39A /* Tests-Info.plist */,
				6003F5B8195388D20070C39A /* InfoPlist.strings */,
			);
			name = "Supporting Files";
			sourceTree = "<group>";
		};
		60FF7A9C1954A5C5007DD14C /* Podspec Metadata */ = {
			isa = PBXGroup;
			children = (
				6DAD5323CFB388DE0933507C /* Pbind.podspec */,
				2627027C9C8652FB25A397AA /* README.md */,
				C9A6AD796B424285D2184205 /* LICENSE */,
			);
			name = "Podspec Metadata";
			sourceTree = "<group>";
		};
		614EE4597655475B688B1510 /* Pods */ = {
			isa = PBXGroup;
			children = (
				F255872ABDC8B50205417D02 /* Pods-Pbind_Example.release.xcconfig */,
				55A1CBB835E651FB9CBFC89D /* Pods-Pbind_Example.debug.xcconfig */,
			);
			name = Pods;
			sourceTree = "<group>";
		};
		86B7480628E6409DDF9834A5 /* PBLiveLoader */ = {
			isa = PBXGroup;
			children = (
				7BA74845B6E451804F5E9640 /* NSInputStream+Reader.h */,
				8E5C1EDC3D5832EFD4BCABA6 /* NSInputStream+Reader.m */,
				AF7337D711C82BD7E47ECDE1 /* PBDirectoryWatcher.h */,
				47B918E9954F64079979B1FA /* PBDirectoryWatcher.m */,
				1CCF6CF73F84E85F030F612C /* PBLiveLoader.h */,
				F880CAD67363D945E07A999F /* PBLiveLoader.m */,
				F93CFCED96A573F0EE751784 /* PBLLInspector.h */,
				B66EEDADE25274F53A616908 /* PBLLInspector.m */,
				84AEF82C9B5991A26075B41F /* PBLLInspectorController.h */,
				2FFE9138696A2C556E8940BC /* PBLLInspectorController.m */,
				A7E021022D852731E7140278 /* PBLLRemoteWatcher.h */,
				ACAC7DAE25FAB7C4F433AD37 /* PBLLRemoteWatcher.m */,
				1E19B096912C873EEF8DE0B8 /* PBSimulatorEnviroment.h */,
			);
			name = PBLiveLoader;
			sourceTree = SOURCE_ROOT;
		};
		F8039BDE1E3437DC009C5372 /* Benchmark */ = {
			isa = PBXGroup;
			children = (
				F8039C2E1E47780C009C5372 /* example.plist */,
				F8039C301E47781F009C5372 /* example.xml */,
				F8039BDF1E3437DC009C5372 /* level1.plist */,
				F8039BE11E3437EB009C5372 /* level1.xml */,
				F8039BE31E343871009C5372 /* level1.json */,
				F8039BE51E343995009C5372 /* BMXMLParser.h */,
				F8039BE61E343995009C5372 /* BMXMLParser.m */,
			);
			name = Benchmark;
			path = ../Pbind/Benchmark;
			sourceTree = "<group>";
		};
		F84079D01F63817000E1719D /* PBFormDemo */ = {
			isa = PBXGroup;
			children = (
				F84079D11F6381C200E1719D /* form.demo.plist */,
			);
			path = PBFormDemo;
			sourceTree = "<group>";
		};
		F86CC7981F3A0ACF00DA9FFD /* UIViewDemo */ = {
			isa = PBXGroup;
			children = (
				F86CC7961F3A032B00DA9FFD /* table.view.plist */,
				F8A02C0D1F30DBA20058028E /* cell.view.plist */,
			);
			name = UIViewDemo;
			sourceTree = "<group>";
		};
		F86CC7991F3A0AF500DA9FFD /* Base */ = {
			isa = PBXGroup;
			children = (
				F86CC79A1F3A0B1100DA9FFD /* header.common.plist */,
			);
			name = Base;
			sourceTree = "<group>";
		};
		F86CC7A01F3A261600DA9FFD /* UILabelDemo */ = {
			isa = PBXGroup;
			children = (
				F86CC7A11F3A263600DA9FFD /* table.label.plist */,
			);
			name = UILabelDemo;
			sourceTree = "<group>";
		};
		F86CC7A31F46026600DA9FFD /* PBButtonDemo */ = {
			isa = PBXGroup;
			children = (
				F86CC7A41F46027400DA9FFD /* table.button.plist */,
				F86CC7A61F46029C00DA9FFD /* cell.button.plist */,
			);
			path = PBButtonDemo;
			sourceTree = "<group>";
		};
		F86CC7A81F4707F400DA9FFD /* PBActionDemo */ = {
			isa = PBXGroup;
			children = (
				F86CC7A91F47082700DA9FFD /* scroll.action.plist */,
			);
			path = PBActionDemo;
			sourceTree = "<group>";
		};
		F86CC7AB1F49736500DA9FFD /* UITableViewDemo */ = {
			isa = PBXGroup;
			children = (
				F86CC7AC1F49737100DA9FFD /* table.refresh.plist */,
			);
			path = UITableViewDemo;
			sourceTree = "<group>";
		};
		F89500C71D87AB7B0038A3E5 /* Adapter */ = {
			isa = PBXGroup;
			children = (
				F89500D71D87ABCC0038A3E5 /* UIImageView+PBExample.h */,
				F89500D81D87ABCC0038A3E5 /* UIImageView+PBExample.m */,
				F89500D91D87ABCC0038A3E5 /* PbindAdapter.h */,
				F89500DA1D87ABCC0038A3E5 /* PbindAdapter.m */,
				F86CC79C1F3A139600DA9FFD /* MyStyle.h */,
				F86CC79D1F3A139600DA9FFD /* MyStyle.m */,
			);
			name = Adapter;
			sourceTree = "<group>";
		};
		F89500C81D87AB820038A3E5 /* Client */ = {
			isa = PBXGroup;
			children = (
				F89500D41D87ABC00038A3E5 /* PBExampleClient.h */,
				F89500D51D87ABC00038A3E5 /* PBExampleClient.m */,
				F8A839521E02A73A0014F259 /* PBCustomUIAction.h */,
				F8A839531E02A73A0014F259 /* PBCustomUIAction.m */,
			);
			name = Client;
			sourceTree = "<group>";
		};
		F89500C91D87AB880038A3E5 /* View */ = {
			isa = PBXGroup;
			children = (
			);
			name = View;
			sourceTree = "<group>";
		};
		F89500CA1D87AB8E0038A3E5 /* Plist */ = {
			isa = PBXGroup;
			children = (
				F84079D01F63817000E1719D /* PBFormDemo */,
				F86CC7AB1F49736500DA9FFD /* UITableViewDemo */,
				F86CC7A81F4707F400DA9FFD /* PBActionDemo */,
				F86CC7A31F46026600DA9FFD /* PBButtonDemo */,
				F86CC7A01F3A261600DA9FFD /* UILabelDemo */,
				F86CC7981F3A0ACF00DA9FFD /* UIViewDemo */,
				F86CC7991F3A0AF500DA9FFD /* Base */,
				F8A02C0B1F30C5A80058028E /* table.main.plist */,
				F89500CB1D87AB9C0038A3E5 /* form.addgroup.plist */,
				F89500CC1D87AB9C0038A3E5 /* table.group.plist */,
				F80FB22C1D913E2400DD48F4 /* table.members.plist */,
				F8A02BEA1F1217D30058028E /* item.member.plist */,
				F8A02C0F1F30DC770058028E /* abc.plist */,
			);
			name = Plist;
			sourceTree = "<group>";
		};
/* End PBXGroup section */

/* Begin PBXHeadersBuildPhase section */
		44627195DDFBEF49B9070DC8 /* Headers */ = {
			isa = PBXHeadersBuildPhase;
			buildActionMask = 2147483647;
			files = (
				F8039BE71E343995009C5372 /* BMXMLParser.h in Headers */,
				F86CC79E1F3A139600DA9FFD /* MyStyle.h in Headers */,
				4FF8BA9C48E819F02880FF51 /* ignore.h in Headers */,
				D788144B42F8CA58B47BDDC9 /* NSInputStream+Reader.h in Headers */,
				38A57B508EAB430035EB9514 /* PBDirectoryWatcher.h in Headers */,
				4EEB12EFD53609582919F385 /* PBLiveLoader.h in Headers */,
				207AC902FD4A7454C89E6184 /* PBLLInspector.h in Headers */,
				B7A7EC036637F3314E985F9E /* PBLLInspectorController.h in Headers */,
				2142FED69E3E59E31D70AB5E /* PBLLRemoteWatcher.h in Headers */,
				15BBC7FB7818EAD954B64CDC /* PBSimulatorEnviroment.h in Headers */,
			);
			runOnlyForDeploymentPostprocessing = 0;
		};
/* End PBXHeadersBuildPhase section */

/* Begin PBXNativeTarget section */
		6003F589195388D20070C39A /* Pbind_Example */ = {
			isa = PBXNativeTarget;
			buildConfigurationList = 6003F5BF195388D20070C39A /* Build configuration list for PBXNativeTarget "Pbind_Example" */;
			buildPhases = (
				BEAFFAF5C22FC952636C5D6D /* [CP] Check Pods Manifest.lock */,
				6003F586195388D20070C39A /* Sources */,
				6003F587195388D20070C39A /* Frameworks */,
				6003F588195388D20070C39A /* Resources */,
				98C05E232F6B9E66484F7A9C /* [CP] Embed Pods Frameworks */,
				EF4DD9992559F3943B28E1CB /* [CP] Copy Pods Resources */,
				44627195DDFBEF49B9070DC8 /* Headers */,
			);
			buildRules = (
			);
			dependencies = (
			);
			name = Pbind_Example;
			productName = Pbind;
			productReference = 6003F58A195388D20070C39A /* Pbind_Example.app */;
			productType = "com.apple.product-type.application";
		};
		6003F5AD195388D20070C39A /* Pbind_Tests */ = {
			isa = PBXNativeTarget;
			buildConfigurationList = 6003F5C2195388D20070C39A /* Build configuration list for PBXNativeTarget "Pbind_Tests" */;
			buildPhases = (
				6003F5AA195388D20070C39A /* Sources */,
				6003F5AB195388D20070C39A /* Frameworks */,
				6003F5AC195388D20070C39A /* Resources */,
			);
			buildRules = (
			);
			dependencies = (
				6003F5B4195388D20070C39A /* PBXTargetDependency */,
			);
			name = Pbind_Tests;
			productName = PbindTests;
			productReference = 6003F5AE195388D20070C39A /* Pbind_Tests.xctest */;
			productType = "com.apple.product-type.bundle.unit-test";
		};
/* End PBXNativeTarget section */

/* Begin PBXProject section */
		6003F582195388D10070C39A /* Project object */ = {
			isa = PBXProject;
			attributes = {
				CLASSPREFIX = PB;
				LastUpgradeCheck = 0720;
				ORGANIZATIONNAME = galenlin;
				TargetAttributes = {
					6003F589195388D20070C39A = {
						DevelopmentTeam = EAV3F88MTX;
					};
					6003F5AD195388D20070C39A = {
						TestTargetID = 6003F589195388D20070C39A;
					};
				};
			};
			buildConfigurationList = 6003F585195388D10070C39A /* Build configuration list for PBXProject "Pbind" */;
			compatibilityVersion = "Xcode 3.2";
			developmentRegion = English;
			hasScannedForEncodings = 0;
			knownRegions = (
				en,
				Base,
			);
			mainGroup = 6003F581195388D10070C39A;
			productRefGroup = 6003F58B195388D20070C39A /* Products */;
			projectDirPath = "";
			projectRoot = "";
			targets = (
				6003F589195388D20070C39A /* Pbind_Example */,
				6003F5AD195388D20070C39A /* Pbind_Tests */,
			);
		};
/* End PBXProject section */

/* Begin PBXResourcesBuildPhase section */
		6003F588195388D20070C39A /* Resources */ = {
			isa = PBXResourcesBuildPhase;
			buildActionMask = 2147483647;
			files = (
				F89500CD1D87AB9C0038A3E5 /* form.addgroup.plist in Resources */,
				F86CC79B1F3A0B1100DA9FFD /* header.common.plist in Resources */,
				F86CC7A51F46027400DA9FFD /* table.button.plist in Resources */,
				F86CC7AA1F47082700DA9FFD /* scroll.action.plist in Resources */,
				873B8AEB1B1F5CCA007FD442 /* Main.storyboard in Resources */,
				F8039BE21E3437EB009C5372 /* level1.xml in Resources */,
				6003F5A9195388D20070C39A /* Images.xcassets in Resources */,
				F86CC7A71F46029C00DA9FFD /* cell.button.plist in Resources */,
				F84079D21F6381C200E1719D /* form.demo.plist in Resources */,
				F8A02C0E1F30DBA20058028E /* cell.view.plist in Resources */,
				F86CC7A21F3A263600DA9FFD /* table.label.plist in Resources */,
				6003F598195388D20070C39A /* InfoPlist.strings in Resources */,
				F8039C2F1E47780C009C5372 /* example.plist in Resources */,
				F8039C311E47781F009C5372 /* example.xml in Resources */,
				F8A02C0C1F30C5A80058028E /* table.main.plist in Resources */,
				F8A02C101F30DC770058028E /* abc.plist in Resources */,
				F86CC7AD1F49737100DA9FFD /* table.refresh.plist in Resources */,
				F8A02C081F2F7E5C0058028E /* LaunchScreen.storyboard in Resources */,
				F89500CE1D87AB9C0038A3E5 /* table.group.plist in Resources */,
				F86CC7971F3A032B00DA9FFD /* table.view.plist in Resources */,
				F80FB22D1D913E2400DD48F4 /* table.members.plist in Resources */,
				F8A02BEB1F1217D30058028E /* item.member.plist in Resources */,
				F8039BE41E343871009C5372 /* level1.json in Resources */,
				F8039BE01E3437DC009C5372 /* level1.plist in Resources */,
			);
			runOnlyForDeploymentPostprocessing = 0;
		};
		6003F5AC195388D20070C39A /* Resources */ = {
			isa = PBXResourcesBuildPhase;
			buildActionMask = 2147483647;
			files = (
				6003F5BA195388D20070C39A /* InfoPlist.strings in Resources */,
			);
			runOnlyForDeploymentPostprocessing = 0;
		};
/* End PBXResourcesBuildPhase section */

/* Begin PBXShellScriptBuildPhase section */
		98C05E232F6B9E66484F7A9C /* [CP] Embed Pods Frameworks */ = {
			isa = PBXShellScriptBuildPhase;
			buildActionMask = 2147483647;
			files = (
			);
			inputPaths = (
			);
			name = "[CP] Embed Pods Frameworks";
			outputPaths = (
			);
			runOnlyForDeploymentPostprocessing = 0;
			shellPath = /bin/sh;
			shellScript = "\"${SRCROOT}/Pods/Target Support Files/Pods-Pbind_Example/Pods-Pbind_Example-frameworks.sh\"\n";
			showEnvVarsInLog = 0;
		};
		BEAFFAF5C22FC952636C5D6D /* [CP] Check Pods Manifest.lock */ = {
			isa = PBXShellScriptBuildPhase;
			buildActionMask = 2147483647;
			files = (
			);
			inputPaths = (
			);
			name = "[CP] Check Pods Manifest.lock";
			outputPaths = (
			);
			runOnlyForDeploymentPostprocessing = 0;
			shellPath = /bin/sh;
			shellScript = "diff \"${PODS_PODFILE_DIR_PATH}/Podfile.lock\" \"${PODS_ROOT}/Manifest.lock\" > /dev/null\nif [ $? != 0 ] ; then\n    # print error to STDERR\n    echo \"error: The sandbox is not in sync with the Podfile.lock. Run 'pod install' or update your CocoaPods installation.\" >&2\n    exit 1\nfi\n";
			showEnvVarsInLog = 0;
		};
		EF4DD9992559F3943B28E1CB /* [CP] Copy Pods Resources */ = {
			isa = PBXShellScriptBuildPhase;
			buildActionMask = 2147483647;
			files = (
			);
			inputPaths = (
			);
			name = "[CP] Copy Pods Resources";
			outputPaths = (
			);
			runOnlyForDeploymentPostprocessing = 0;
			shellPath = /bin/sh;
			shellScript = "\"${SRCROOT}/Pods/Target Support Files/Pods-Pbind_Example/Pods-Pbind_Example-resources.sh\"\n";
			showEnvVarsInLog = 0;
		};
/* End PBXShellScriptBuildPhase section */

/* Begin PBXSourcesBuildPhase section */
		6003F586195388D20070C39A /* Sources */ = {
			isa = PBXSourcesBuildPhase;
			buildActionMask = 2147483647;
			files = (
				6003F59E195388D20070C39A /* PBAppDelegate.m in Sources */,
				F89500DB1D87ABCC0038A3E5 /* UIImageView+PBExample.m in Sources */,
				F89500D61D87ABC00038A3E5 /* PBExampleClient.m in Sources */,
				F86CC79F1F3A139600DA9FFD /* MyStyle.m in Sources */,
				F8A839541E02A73A0014F259 /* PBCustomUIAction.m in Sources */,
				F8039BE81E343995009C5372 /* BMXMLParser.m in Sources */,
				6003F5A7195388D20070C39A /* PBGroupInfoController.m in Sources */,
				F89500DC1D87ABCC0038A3E5 /* PbindAdapter.m in Sources */,
				6003F59A195388D20070C39A /* main.m in Sources */,
				056988B9F218092D206B841B /* NSInputStream+Reader.m in Sources */,
				F47A9C19566F9CE3A8DA7411 /* PBDirectoryWatcher.m in Sources */,
				299F03085155640D4A44313A /* PBLiveLoader.m in Sources */,
				3E87B6C4E2C26CC5FA9CDB78 /* PBLLInspector.m in Sources */,
				9424118A18D64DBFAE4E1D03 /* PBLLInspectorController.m in Sources */,
				A4A96007E949080FF119465E /* PBLLRemoteWatcher.m in Sources */,
			);
			runOnlyForDeploymentPostprocessing = 0;
		};
		6003F5AA195388D20070C39A /* Sources */ = {
			isa = PBXSourcesBuildPhase;
			buildActionMask = 2147483647;
			files = (
				F89500E11D87B0C20038A3E5 /* PBValueParserTests.m in Sources */,
				F80D43301D8E667D00FF298B /* PBExpressionTests.m in Sources */,
				F8039BEA1E343B11009C5372 /* BMParsingTests.m in Sources */,
			);
			runOnlyForDeploymentPostprocessing = 0;
		};
/* End PBXSourcesBuildPhase section */

/* Begin PBXTargetDependency section */
		6003F5B4195388D20070C39A /* PBXTargetDependency */ = {
			isa = PBXTargetDependency;
			target = 6003F589195388D20070C39A /* Pbind_Example */;
			targetProxy = 6003F5B3195388D20070C39A /* PBXContainerItemProxy */;
		};
/* End PBXTargetDependency section */

/* Begin PBXVariantGroup section */
		6003F596195388D20070C39A /* InfoPlist.strings */ = {
			isa = PBXVariantGroup;
			children = (
				6003F597195388D20070C39A /* en */,
			);
			name = InfoPlist.strings;
			sourceTree = "<group>";
		};
		6003F5B8195388D20070C39A /* InfoPlist.strings */ = {
			isa = PBXVariantGroup;
			children = (
				6003F5B9195388D20070C39A /* en */,
			);
			name = InfoPlist.strings;
			sourceTree = "<group>";
		};
/* End PBXVariantGroup section */

/* Begin XCBuildConfiguration section */
		6003F5BD195388D20070C39A /* Debug */ = {
			isa = XCBuildConfiguration;
			buildSettings = {
				ALWAYS_SEARCH_USER_PATHS = NO;
				CLANG_CXX_LANGUAGE_STANDARD = "gnu++0x";
				CLANG_CXX_LIBRARY = "libc++";
				CLANG_ENABLE_MODULES = YES;
				CLANG_ENABLE_OBJC_ARC = YES;
				CLANG_WARN_BOOL_CONVERSION = YES;
				CLANG_WARN_CONSTANT_CONVERSION = YES;
				CLANG_WARN_DIRECT_OBJC_ISA_USAGE = YES_ERROR;
				CLANG_WARN_EMPTY_BODY = YES;
				CLANG_WARN_ENUM_CONVERSION = YES;
				CLANG_WARN_INT_CONVERSION = YES;
				CLANG_WARN_OBJC_ROOT_CLASS = YES_ERROR;
				CLANG_WARN__DUPLICATE_METHOD_MATCH = YES;
				CODE_SIGN_IDENTITY = "iPhone Developer";
				"CODE_SIGN_IDENTITY[sdk=iphoneos*]" = "iPhone Developer";
				COPY_PHASE_STRIP = NO;
				ENABLE_TESTABILITY = YES;
				GCC_C_LANGUAGE_STANDARD = gnu99;
				GCC_DYNAMIC_NO_PIC = NO;
				GCC_OPTIMIZATION_LEVEL = 0;
				GCC_PREPROCESSOR_DEFINITIONS = (
					"DEBUG=1",
					"$(inherited)",
				);
				GCC_SYMBOLS_PRIVATE_EXTERN = NO;
				GCC_WARN_64_TO_32_BIT_CONVERSION = YES;
				GCC_WARN_ABOUT_RETURN_TYPE = YES_ERROR;
				GCC_WARN_UNDECLARED_SELECTOR = YES;
				GCC_WARN_UNINITIALIZED_AUTOS = YES_AGGRESSIVE;
				GCC_WARN_UNUSED_FUNCTION = YES;
				GCC_WARN_UNUSED_VARIABLE = YES;
				IPHONEOS_DEPLOYMENT_TARGET = 8.0;
				ONLY_ACTIVE_ARCH = YES;
				SDKROOT = iphoneos;
				TARGETED_DEVICE_FAMILY = "1,2";
			};
			name = Debug;
		};
		6003F5BE195388D20070C39A /* Release */ = {
			isa = XCBuildConfiguration;
			buildSettings = {
				ALWAYS_SEARCH_USER_PATHS = NO;
				CLANG_CXX_LANGUAGE_STANDARD = "gnu++0x";
				CLANG_CXX_LIBRARY = "libc++";
				CLANG_ENABLE_MODULES = YES;
				CLANG_ENABLE_OBJC_ARC = YES;
				CLANG_WARN_BOOL_CONVERSION = YES;
				CLANG_WARN_CONSTANT_CONVERSION = YES;
				CLANG_WARN_DIRECT_OBJC_ISA_USAGE = YES_ERROR;
				CLANG_WARN_EMPTY_BODY = YES;
				CLANG_WARN_ENUM_CONVERSION = YES;
				CLANG_WARN_INT_CONVERSION = YES;
				CLANG_WARN_OBJC_ROOT_CLASS = YES_ERROR;
				CLANG_WARN__DUPLICATE_METHOD_MATCH = YES;
				CODE_SIGN_IDENTITY = "iPhone Developer";
				"CODE_SIGN_IDENTITY[sdk=iphoneos*]" = "iPhone Developer";
				COPY_PHASE_STRIP = YES;
				ENABLE_NS_ASSERTIONS = NO;
				GCC_C_LANGUAGE_STANDARD = gnu99;
				GCC_WARN_64_TO_32_BIT_CONVERSION = YES;
				GCC_WARN_ABOUT_RETURN_TYPE = YES_ERROR;
				GCC_WARN_UNDECLARED_SELECTOR = YES;
				GCC_WARN_UNINITIALIZED_AUTOS = YES_AGGRESSIVE;
				GCC_WARN_UNUSED_FUNCTION = YES;
				GCC_WARN_UNUSED_VARIABLE = YES;
				IPHONEOS_DEPLOYMENT_TARGET = 8.0;
				SDKROOT = iphoneos;
				TARGETED_DEVICE_FAMILY = "1,2";
				VALIDATE_PRODUCT = YES;
			};
			name = Release;
		};
		6003F5C0195388D20070C39A /* Debug */ = {
			isa = XCBuildConfiguration;
			baseConfigurationReference = 55A1CBB835E651FB9CBFC89D /* Pods-Pbind_Example.debug.xcconfig */;
			buildSettings = {
				ASSETCATALOG_COMPILER_APPICON_NAME = AppIcon;
				ASSETCATALOG_COMPILER_LAUNCHIMAGE_NAME = LaunchImage;
				CODE_SIGN_IDENTITY = "iPhone Developer";
				DEVELOPMENT_TEAM = EAV3F88MTX;
				GCC_PRECOMPILE_PREFIX_HEADER = YES;
				GCC_PREFIX_HEADER = "Pbind/Pbind-Prefix.pch";
				INFOPLIST_FILE = "Pbind/Pbind-Info.plist";
				MODULE_NAME = ExampleApp;
				PRODUCT_BUNDLE_IDENTIFIER = "org.cocoapods.demo.${PRODUCT_NAME:rfc1034identifier}";
				PRODUCT_NAME = "$(TARGET_NAME)";
				WRAPPER_EXTENSION = app;
			};
			name = Debug;
		};
		6003F5C1195388D20070C39A /* Release */ = {
			isa = XCBuildConfiguration;
			baseConfigurationReference = F255872ABDC8B50205417D02 /* Pods-Pbind_Example.release.xcconfig */;
			buildSettings = {
				ASSETCATALOG_COMPILER_APPICON_NAME = AppIcon;
				ASSETCATALOG_COMPILER_LAUNCHIMAGE_NAME = LaunchImage;
				CODE_SIGN_IDENTITY = "iPhone Developer";
				DEVELOPMENT_TEAM = EAV3F88MTX;
				GCC_PRECOMPILE_PREFIX_HEADER = YES;
				GCC_PREFIX_HEADER = "Pbind/Pbind-Prefix.pch";
				INFOPLIST_FILE = "Pbind/Pbind-Info.plist";
				MODULE_NAME = ExampleApp;
				PRODUCT_BUNDLE_IDENTIFIER = "org.cocoapods.demo.${PRODUCT_NAME:rfc1034identifier}";
				PRODUCT_NAME = "$(TARGET_NAME)";
				WRAPPER_EXTENSION = app;
			};
			name = Release;
		};
		6003F5C3195388D20070C39A /* Debug */ = {
			isa = XCBuildConfiguration;
			buildSettings = {
				BUNDLE_LOADER = "$(TEST_HOST)";
				DEVELOPMENT_TEAM = "";
				FRAMEWORK_SEARCH_PATHS = (
					"$(SDKROOT)/Developer/Library/Frameworks",
					"$(inherited)",
					"$(DEVELOPER_FRAMEWORKS_DIR)",
					"$(CONFIGURATION_BUILD_DIR)/**",
					"$(CONFIGURATION_BUILD_DIR)/Pbind",
				);
				GCC_PRECOMPILE_PREFIX_HEADER = NO;
				GCC_PREFIX_HEADER = "";
				GCC_PREPROCESSOR_DEFINITIONS = (
					"DEBUG=1",
					"$(inherited)",
				);
				INFOPLIST_FILE = "Tests/Tests-Info.plist";
				PRODUCT_BUNDLE_IDENTIFIER = "org.cocoapods.demo.${PRODUCT_NAME:rfc1034identifier}";
				PRODUCT_NAME = "$(TARGET_NAME)";
				TEST_HOST = "$(BUILT_PRODUCTS_DIR)/Pbind_Example.app/Pbind_Example";
				WRAPPER_EXTENSION = xctest;
			};
			name = Debug;
		};
		6003F5C4195388D20070C39A /* Release */ = {
			isa = XCBuildConfiguration;
			buildSettings = {
				BUNDLE_LOADER = "$(TEST_HOST)";
				DEVELOPMENT_TEAM = "";
				FRAMEWORK_SEARCH_PATHS = (
					"$(SDKROOT)/Developer/Library/Frameworks",
					"$(inherited)",
					"$(DEVELOPER_FRAMEWORKS_DIR)",
					"$(CONFIGURATION_BUILD_DIR)/**",
					"$(CONFIGURATION_BUILD_DIR)/Pbind",
				);
				GCC_PRECOMPILE_PREFIX_HEADER = NO;
				GCC_PREFIX_HEADER = "";
				INFOPLIST_FILE = "Tests/Tests-Info.plist";
				PRODUCT_BUNDLE_IDENTIFIER = "org.cocoapods.demo.${PRODUCT_NAME:rfc1034identifier}";
				PRODUCT_NAME = "$(TARGET_NAME)";
				TEST_HOST = "$(BUILT_PRODUCTS_DIR)/Pbind_Example.app/Pbind_Example";
				WRAPPER_EXTENSION = xctest;
			};
			name = Release;
		};
/* End XCBuildConfiguration section */

/* Begin XCConfigurationList section */
		6003F585195388D10070C39A /* Build configuration list for PBXProject "Pbind" */ = {
			isa = XCConfigurationList;
			buildConfigurations = (
				6003F5BD195388D20070C39A /* Debug */,
				6003F5BE195388D20070C39A /* Release */,
			);
			defaultConfigurationIsVisible = 0;
			defaultConfigurationName = Debug;
		};
		6003F5BF195388D20070C39A /* Build configuration list for PBXNativeTarget "Pbind_Example" */ = {
			isa = XCConfigurationList;
			buildConfigurations = (
				6003F5C0195388D20070C39A /* Debug */,
				6003F5C1195388D20070C39A /* Release */,
			);
			defaultConfigurationIsVisible = 0;
			defaultConfigurationName = Debug;
		};
		6003F5C2195388D20070C39A /* Build configuration list for PBXNativeTarget "Pbind_Tests" */ = {
			isa = XCConfigurationList;
			buildConfigurations = (
				6003F5C3195388D20070C39A /* Debug */,
				6003F5C4195388D20070C39A /* Release */,
			);
			defaultConfigurationIsVisible = 0;
			defaultConfigurationName = Debug;
		};
/* End XCConfigurationList section */
	};
	rootObject = 6003F582195388D10070C39A /* Project object */;
}
