// !$*UTF8*$!
{
	archiveVersion = 1;
	classes = {
	};
	objectVersion = 46;
	objects = {

/* Begin PBXBuildFile section */
		3E791FE8A095979785997C62 /* Pods_Pbind_Example.framework in Frameworks */ = {isa = PBXBuildFile; fileRef = 1D00B557B589B6EFFFCB852E /* Pods_Pbind_Example.framework */; };
		516526C3CC17AE8E19E9A314 /* PBLiveLoader.h in Headers */ = {isa = PBXBuildFile; fileRef = B241F55457D7F3086D8DBCFD /* PBLiveLoader.h */; };
		6003F58E195388D20070C39A /* Foundation.framework in Frameworks */ = {isa = PBXBuildFile; fileRef = 6003F58D195388D20070C39A /* Foundation.framework */; };
		6003F590195388D20070C39A /* CoreGraphics.framework in Frameworks */ = {isa = PBXBuildFile; fileRef = 6003F58F195388D20070C39A /* CoreGraphics.framework */; };
		6003F592195388D20070C39A /* UIKit.framework in Frameworks */ = {isa = PBXBuildFile; fileRef = 6003F591195388D20070C39A /* UIKit.framework */; };
		6003F598195388D20070C39A /* InfoPlist.strings in Resources */ = {isa = PBXBuildFile; fileRef = 6003F596195388D20070C39A /* InfoPlist.strings */; };
		6003F59A195388D20070C39A /* main.m in Sources */ = {isa = PBXBuildFile; fileRef = 6003F599195388D20070C39A /* main.m */; };
		6003F59E195388D20070C39A /* PBAppDelegate.m in Sources */ = {isa = PBXBuildFile; fileRef = 6003F59D195388D20070C39A /* PBAppDelegate.m */; };
		6003F5A7195388D20070C39A /* PBGroupInfoController.m in Sources */ = {isa = PBXBuildFile; fileRef = 6003F5A6195388D20070C39A /* PBGroupInfoController.m */; };
		6003F5A9195388D20070C39A /* Images.xcassets in Resources */ = {isa = PBXBuildFile; fileRef = 6003F5A8195388D20070C39A /* Images.xcassets */; };
		6003F5B0195388D20070C39A /* XCTest.framework in Frameworks */ = {isa = PBXBuildFile; fileRef = 6003F5AF195388D20070C39A /* XCTest.framework */; };
		6003F5B1195388D20070C39A /* Foundation.framework in Frameworks */ = {isa = PBXBuildFile; fileRef = 6003F58D195388D20070C39A /* Foundation.framework */; };
		6003F5B2195388D20070C39A /* UIKit.framework in Frameworks */ = {isa = PBXBuildFile; fileRef = 6003F591195388D20070C39A /* UIKit.framework */; };
		6003F5BA195388D20070C39A /* InfoPlist.strings in Resources */ = {isa = PBXBuildFile; fileRef = 6003F5B8195388D20070C39A /* InfoPlist.strings */; };
		741AB18228814109F7F3CC2E /* PBDirectoryWatcher.m in Sources */ = {isa = PBXBuildFile; fileRef = 7EABA13D974756CAFB58BED8 /* PBDirectoryWatcher.m */; };
		873B8AEB1B1F5CCA007FD442 /* Main.storyboard in Resources */ = {isa = PBXBuildFile; fileRef = 873B8AEA1B1F5CCA007FD442 /* Main.storyboard */; };
		AE5A9EB421D4C1E65661FB6A /* ignore.h in Headers */ = {isa = PBXBuildFile; fileRef = 1DEAB0540A7C32634CC14DA0 /* ignore.h */; };
		B63A7B0E0E34A60FA48585E5 /* PBDirectoryWatcher.h in Headers */ = {isa = PBXBuildFile; fileRef = BBB1FFF75A24FC06E88ED9B5 /* PBDirectoryWatcher.h */; };
		D3CEFE1C5CDA754B7A98EEF3 /* PBLiveLoader.m in Sources */ = {isa = PBXBuildFile; fileRef = 428300620C3FC16A7E7C8734 /* PBLiveLoader.m */; };
		F8039BE01E3437DC009C5372 /* level1.plist in Resources */ = {isa = PBXBuildFile; fileRef = F8039BDF1E3437DC009C5372 /* level1.plist */; };
		F8039BE21E3437EB009C5372 /* level1.xml in Resources */ = {isa = PBXBuildFile; fileRef = F8039BE11E3437EB009C5372 /* level1.xml */; };
		F8039BE41E343871009C5372 /* level1.json in Resources */ = {isa = PBXBuildFile; fileRef = F8039BE31E343871009C5372 /* level1.json */; };
		F8039BE71E343995009C5372 /* BMXMLParser.h in Headers */ = {isa = PBXBuildFile; fileRef = F8039BE51E343995009C5372 /* BMXMLParser.h */; };
		F8039BE81E343995009C5372 /* BMXMLParser.m in Sources */ = {isa = PBXBuildFile; fileRef = F8039BE61E343995009C5372 /* BMXMLParser.m */; };
		F8039BEA1E343B11009C5372 /* BMParsingTests.m in Sources */ = {isa = PBXBuildFile; fileRef = F8039BE91E343B11009C5372 /* BMParsingTests.m */; };
		F8039C2F1E47780C009C5372 /* example.plist in Resources */ = {isa = PBXBuildFile; fileRef = F8039C2E1E47780C009C5372 /* example.plist */; };
		F8039C311E47781F009C5372 /* example.xml in Resources */ = {isa = PBXBuildFile; fileRef = F8039C301E47781F009C5372 /* example.xml */; };
		F80D43301D8E667D00FF298B /* PBExpressionTests.m in Sources */ = {isa = PBXBuildFile; fileRef = F80D432F1D8E667D00FF298B /* PBExpressionTests.m */; };
		F80FB22D1D913E2400DD48F4 /* PBGroupMembers.plist in Resources */ = {isa = PBXBuildFile; fileRef = F80FB22C1D913E2400DD48F4 /* PBGroupMembers.plist */; };
		F89500CD1D87AB9C0038A3E5 /* PBCreateGroup.plist in Resources */ = {isa = PBXBuildFile; fileRef = F89500CB1D87AB9C0038A3E5 /* PBCreateGroup.plist */; };
		F89500CE1D87AB9C0038A3E5 /* PBExample.plist in Resources */ = {isa = PBXBuildFile; fileRef = F89500CC1D87AB9C0038A3E5 /* PBExample.plist */; };
		F89500D21D87ABAA0038A3E5 /* PBExampleGroupMemberAvatarCell.m in Sources */ = {isa = PBXBuildFile; fileRef = F89500D01D87ABAA0038A3E5 /* PBExampleGroupMemberAvatarCell.m */; };
		F89500D31D87ABAA0038A3E5 /* PBExampleGroupMemberAvatarCell.xib in Resources */ = {isa = PBXBuildFile; fileRef = F89500D11D87ABAA0038A3E5 /* PBExampleGroupMemberAvatarCell.xib */; };
		F89500D61D87ABC00038A3E5 /* PBExampleClient.m in Sources */ = {isa = PBXBuildFile; fileRef = F89500D51D87ABC00038A3E5 /* PBExampleClient.m */; };
		F89500DB1D87ABCC0038A3E5 /* UIImageView+PBExample.m in Sources */ = {isa = PBXBuildFile; fileRef = F89500D81D87ABCC0038A3E5 /* UIImageView+PBExample.m */; };
		F89500DC1D87ABCC0038A3E5 /* PbindAdapter.m in Sources */ = {isa = PBXBuildFile; fileRef = F89500DA1D87ABCC0038A3E5 /* PbindAdapter.m */; };
		F89500DF1D87AC0E0038A3E5 /* PBCreateGroupController.m in Sources */ = {isa = PBXBuildFile; fileRef = F89500DE1D87AC0E0038A3E5 /* PBCreateGroupController.m */; };
		F89500E11D87B0C20038A3E5 /* PBValueParserTests.m in Sources */ = {isa = PBXBuildFile; fileRef = F89500E01D87B0C20038A3E5 /* PBValueParserTests.m */; };
		F8A839541E02A73A0014F259 /* PBCustomUIAction.m in Sources */ = {isa = PBXBuildFile; fileRef = F8A839531E02A73A0014F259 /* PBCustomUIAction.m */; };
/* End PBXBuildFile section */

/* Begin PBXContainerItemProxy section */
		6003F5B3195388D20070C39A /* PBXContainerItemProxy */ = {
			isa = PBXContainerItemProxy;
			containerPortal = 6003F582195388D10070C39A /* Project object */;
			proxyType = 1;
			remoteGlobalIDString = 6003F589195388D20070C39A;
			remoteInfo = Pbind;
		};
/* End PBXContainerItemProxy section */

/* Begin PBXFileReference section */
		0FDAE7C21C76D694B2FD3681 /* Pods_Pbind_Tests.framework */ = {isa = PBXFileReference; explicitFileType = wrapper.framework; includeInIndex = 0; path = Pods_Pbind_Tests.framework; sourceTree = BUILT_PRODUCTS_DIR; };
		1D00B557B589B6EFFFCB852E /* Pods_Pbind_Example.framework */ = {isa = PBXFileReference; explicitFileType = wrapper.framework; includeInIndex = 0; path = Pods_Pbind_Example.framework; sourceTree = BUILT_PRODUCTS_DIR; };
		1DEAB0540A7C32634CC14DA0 /* ignore.h */ = {isa = PBXFileReference; includeInIndex = 1; lastKnownFileType = sourcecode.c.h; name = ignore.h; path = PBLocalhost/ignore.h; sourceTree = "<group>"; };
		2627027C9C8652FB25A397AA /* README.md */ = {isa = PBXFileReference; includeInIndex = 1; lastKnownFileType = net.daringfireball.markdown; name = README.md; path = ../README.md; sourceTree = "<group>"; };
		428300620C3FC16A7E7C8734 /* PBLiveLoader.m */ = {isa = PBXFileReference; includeInIndex = 1; lastKnownFileType = sourcecode.c.objc; name = PBLiveLoader.m; path = PBLiveLoader/PBLiveLoader.m; sourceTree = "<group>"; };
		55A1CBB835E651FB9CBFC89D /* Pods-Pbind_Example.debug.xcconfig */ = {isa = PBXFileReference; includeInIndex = 1; lastKnownFileType = text.xcconfig; name = "Pods-Pbind_Example.debug.xcconfig"; path = "Pods/Target Support Files/Pods-Pbind_Example/Pods-Pbind_Example.debug.xcconfig"; sourceTree = "<group>"; };
		6003F58A195388D20070C39A /* Pbind_Example.app */ = {isa = PBXFileReference; explicitFileType = wrapper.application; includeInIndex = 0; path = Pbind_Example.app; sourceTree = BUILT_PRODUCTS_DIR; };
		6003F58D195388D20070C39A /* Foundation.framework */ = {isa = PBXFileReference; lastKnownFileType = wrapper.framework; name = Foundation.framework; path = System/Library/Frameworks/Foundation.framework; sourceTree = SDKROOT; };
		6003F58F195388D20070C39A /* CoreGraphics.framework */ = {isa = PBXFileReference; lastKnownFileType = wrapper.framework; name = CoreGraphics.framework; path = System/Library/Frameworks/CoreGraphics.framework; sourceTree = SDKROOT; };
		6003F591195388D20070C39A /* UIKit.framework */ = {isa = PBXFileReference; lastKnownFileType = wrapper.framework; name = UIKit.framework; path = System/Library/Frameworks/UIKit.framework; sourceTree = SDKROOT; };
		6003F595195388D20070C39A /* Pbind-Info.plist */ = {isa = PBXFileReference; lastKnownFileType = text.plist.xml; path = "Pbind-Info.plist"; sourceTree = "<group>"; };
		6003F597195388D20070C39A /* en */ = {isa = PBXFileReference; lastKnownFileType = text.plist.strings; name = en; path = en.lproj/InfoPlist.strings; sourceTree = "<group>"; };
		6003F599195388D20070C39A /* main.m */ = {isa = PBXFileReference; lastKnownFileType = sourcecode.c.objc; path = main.m; sourceTree = "<group>"; };
		6003F59B195388D20070C39A /* Pbind-Prefix.pch */ = {isa = PBXFileReference; lastKnownFileType = sourcecode.c.h; path = "Pbind-Prefix.pch"; sourceTree = "<group>"; };
		6003F59C195388D20070C39A /* PBAppDelegate.h */ = {isa = PBXFileReference; lastKnownFileType = sourcecode.c.h; path = PBAppDelegate.h; sourceTree = "<group>"; };
		6003F59D195388D20070C39A /* PBAppDelegate.m */ = {isa = PBXFileReference; lastKnownFileType = sourcecode.c.objc; path = PBAppDelegate.m; sourceTree = "<group>"; };
		6003F5A5195388D20070C39A /* PBGroupInfoController.h */ = {isa = PBXFileReference; lastKnownFileType = sourcecode.c.h; path = PBGroupInfoController.h; sourceTree = "<group>"; };
		6003F5A6195388D20070C39A /* PBGroupInfoController.m */ = {isa = PBXFileReference; lastKnownFileType = sourcecode.c.objc; path = PBGroupInfoController.m; sourceTree = "<group>"; };
		6003F5A8195388D20070C39A /* Images.xcassets */ = {isa = PBXFileReference; lastKnownFileType = folder.assetcatalog; path = Images.xcassets; sourceTree = "<group>"; };
		6003F5AE195388D20070C39A /* Pbind_Tests.xctest */ = {isa = PBXFileReference; explicitFileType = wrapper.cfbundle; includeInIndex = 0; path = Pbind_Tests.xctest; sourceTree = BUILT_PRODUCTS_DIR; };
		6003F5AF195388D20070C39A /* XCTest.framework */ = {isa = PBXFileReference; lastKnownFileType = wrapper.framework; name = XCTest.framework; path = Library/Frameworks/XCTest.framework; sourceTree = DEVELOPER_DIR; };
		6003F5B7195388D20070C39A /* Tests-Info.plist */ = {isa = PBXFileReference; lastKnownFileType = text.plist.xml; path = "Tests-Info.plist"; sourceTree = "<group>"; };
		6003F5B9195388D20070C39A /* en */ = {isa = PBXFileReference; lastKnownFileType = text.plist.strings; name = en; path = en.lproj/InfoPlist.strings; sourceTree = "<group>"; };
		6DAD5323CFB388DE0933507C /* Pbind.podspec */ = {isa = PBXFileReference; includeInIndex = 1; lastKnownFileType = text; name = Pbind.podspec; path = ../Pbind.podspec; sourceTree = "<group>"; };
		7EABA13D974756CAFB58BED8 /* PBDirectoryWatcher.m */ = {isa = PBXFileReference; includeInIndex = 1; lastKnownFileType = sourcecode.c.objc; name = PBDirectoryWatcher.m; path = PBLiveLoader/PBDirectoryWatcher.m; sourceTree = "<group>"; };
		873B8AEA1B1F5CCA007FD442 /* Main.storyboard */ = {isa = PBXFileReference; fileEncoding = 4; lastKnownFileType = file.storyboard; path = Main.storyboard; sourceTree = "<group>"; };
		B241F55457D7F3086D8DBCFD /* PBLiveLoader.h */ = {isa = PBXFileReference; includeInIndex = 1; lastKnownFileType = sourcecode.c.h; name = PBLiveLoader.h; path = PBLiveLoader/PBLiveLoader.h; sourceTree = "<group>"; };
		BBB1FFF75A24FC06E88ED9B5 /* PBDirectoryWatcher.h */ = {isa = PBXFileReference; includeInIndex = 1; lastKnownFileType = sourcecode.c.h; name = PBDirectoryWatcher.h; path = PBLiveLoader/PBDirectoryWatcher.h; sourceTree = "<group>"; };
		C9A6AD796B424285D2184205 /* LICENSE */ = {isa = PBXFileReference; includeInIndex = 1; lastKnownFileType = text; name = LICENSE; path = ../LICENSE; sourceTree = "<group>"; };
		F255872ABDC8B50205417D02 /* Pods-Pbind_Example.release.xcconfig */ = {isa = PBXFileReference; includeInIndex = 1; lastKnownFileType = text.xcconfig; name = "Pods-Pbind_Example.release.xcconfig"; path = "Pods/Target Support Files/Pods-Pbind_Example/Pods-Pbind_Example.release.xcconfig"; sourceTree = "<group>"; };
		F8039BDF1E3437DC009C5372 /* level1.plist */ = {isa = PBXFileReference; fileEncoding = 4; lastKnownFileType = text.plist.xml; path = level1.plist; sourceTree = "<group>"; };
		F8039BE11E3437EB009C5372 /* level1.xml */ = {isa = PBXFileReference; fileEncoding = 4; lastKnownFileType = text.xml; path = level1.xml; sourceTree = "<group>"; };
		F8039BE31E343871009C5372 /* level1.json */ = {isa = PBXFileReference; fileEncoding = 4; lastKnownFileType = text.json; path = level1.json; sourceTree = "<group>"; };
		F8039BE51E343995009C5372 /* BMXMLParser.h */ = {isa = PBXFileReference; fileEncoding = 4; lastKnownFileType = sourcecode.c.h; path = BMXMLParser.h; sourceTree = "<group>"; };
		F8039BE61E343995009C5372 /* BMXMLParser.m */ = {isa = PBXFileReference; fileEncoding = 4; lastKnownFileType = sourcecode.c.objc; path = BMXMLParser.m; sourceTree = "<group>"; };
		F8039BE91E343B11009C5372 /* BMParsingTests.m */ = {isa = PBXFileReference; fileEncoding = 4; lastKnownFileType = sourcecode.c.objc; path = BMParsingTests.m; sourceTree = "<group>"; };
		F8039C2E1E47780C009C5372 /* example.plist */ = {isa = PBXFileReference; fileEncoding = 4; lastKnownFileType = text.plist.xml; path = example.plist; sourceTree = "<group>"; };
		F8039C301E47781F009C5372 /* example.xml */ = {isa = PBXFileReference; fileEncoding = 4; lastKnownFileType = text.xml; path = example.xml; sourceTree = "<group>"; };
		F80D432F1D8E667D00FF298B /* PBExpressionTests.m */ = {isa = PBXFileReference; fileEncoding = 4; lastKnownFileType = sourcecode.c.objc; path = PBExpressionTests.m; sourceTree = "<group>"; };
		F80FB22C1D913E2400DD48F4 /* PBGroupMembers.plist */ = {isa = PBXFileReference; fileEncoding = 4; lastKnownFileType = text.plist.xml; path = PBGroupMembers.plist; sourceTree = "<group>"; };
		F89500CB1D87AB9C0038A3E5 /* PBCreateGroup.plist */ = {isa = PBXFileReference; fileEncoding = 4; lastKnownFileType = text.plist.xml; path = PBCreateGroup.plist; sourceTree = "<group>"; };
		F89500CC1D87AB9C0038A3E5 /* PBExample.plist */ = {isa = PBXFileReference; fileEncoding = 4; lastKnownFileType = text.plist.xml; path = PBExample.plist; sourceTree = "<group>"; };
		F89500CF1D87ABAA0038A3E5 /* PBExampleGroupMemberAvatarCell.h */ = {isa = PBXFileReference; fileEncoding = 4; lastKnownFileType = sourcecode.c.h; path = PBExampleGroupMemberAvatarCell.h; sourceTree = "<group>"; };
		F89500D01D87ABAA0038A3E5 /* PBExampleGroupMemberAvatarCell.m */ = {isa = PBXFileReference; fileEncoding = 4; lastKnownFileType = sourcecode.c.objc; path = PBExampleGroupMemberAvatarCell.m; sourceTree = "<group>"; };
		F89500D11D87ABAA0038A3E5 /* PBExampleGroupMemberAvatarCell.xib */ = {isa = PBXFileReference; fileEncoding = 4; lastKnownFileType = file.xib; path = PBExampleGroupMemberAvatarCell.xib; sourceTree = "<group>"; };
		F89500D41D87ABC00038A3E5 /* PBExampleClient.h */ = {isa = PBXFileReference; fileEncoding = 4; lastKnownFileType = sourcecode.c.h; path = PBExampleClient.h; sourceTree = "<group>"; };
		F89500D51D87ABC00038A3E5 /* PBExampleClient.m */ = {isa = PBXFileReference; fileEncoding = 4; lastKnownFileType = sourcecode.c.objc; path = PBExampleClient.m; sourceTree = "<group>"; };
		F89500D71D87ABCC0038A3E5 /* UIImageView+PBExample.h */ = {isa = PBXFileReference; fileEncoding = 4; lastKnownFileType = sourcecode.c.h; path = "UIImageView+PBExample.h"; sourceTree = "<group>"; };
		F89500D81D87ABCC0038A3E5 /* UIImageView+PBExample.m */ = {isa = PBXFileReference; fileEncoding = 4; lastKnownFileType = sourcecode.c.objc; path = "UIImageView+PBExample.m"; sourceTree = "<group>"; };
		F89500D91D87ABCC0038A3E5 /* PbindAdapter.h */ = {isa = PBXFileReference; fileEncoding = 4; lastKnownFileType = sourcecode.c.h; path = PbindAdapter.h; sourceTree = "<group>"; };
		F89500DA1D87ABCC0038A3E5 /* PbindAdapter.m */ = {isa = PBXFileReference; fileEncoding = 4; lastKnownFileType = sourcecode.c.objc; path = PbindAdapter.m; sourceTree = "<group>"; };
		F89500DD1D87AC0E0038A3E5 /* PBCreateGroupController.h */ = {isa = PBXFileReference; fileEncoding = 4; lastKnownFileType = sourcecode.c.h; path = PBCreateGroupController.h; sourceTree = "<group>"; };
		F89500DE1D87AC0E0038A3E5 /* PBCreateGroupController.m */ = {isa = PBXFileReference; fileEncoding = 4; lastKnownFileType = sourcecode.c.objc; path = PBCreateGroupController.m; sourceTree = "<group>"; };
		F89500E01D87B0C20038A3E5 /* PBValueParserTests.m */ = {isa = PBXFileReference; fileEncoding = 4; lastKnownFileType = sourcecode.c.objc; path = PBValueParserTests.m; sourceTree = "<group>"; };
		F8A839521E02A73A0014F259 /* PBCustomUIAction.h */ = {isa = PBXFileReference; fileEncoding = 4; lastKnownFileType = sourcecode.c.h; path = PBCustomUIAction.h; sourceTree = "<group>"; };
		F8A839531E02A73A0014F259 /* PBCustomUIAction.m */ = {isa = PBXFileReference; fileEncoding = 4; lastKnownFileType = sourcecode.c.objc; path = PBCustomUIAction.m; sourceTree = "<group>"; };
/* End PBXFileReference section */

/* Begin PBXFrameworksBuildPhase section */
		6003F587195388D20070C39A /* Frameworks */ = {
			isa = PBXFrameworksBuildPhase;
			buildActionMask = 2147483647;
			files = (
				6003F590195388D20070C39A /* CoreGraphics.framework in Frameworks */,
				6003F592195388D20070C39A /* UIKit.framework in Frameworks */,
				6003F58E195388D20070C39A /* Foundation.framework in Frameworks */,
				3E791FE8A095979785997C62 /* Pods_Pbind_Example.framework in Frameworks */,
			);
			runOnlyForDeploymentPostprocessing = 0;
		};
		6003F5AB195388D20070C39A /* Frameworks */ = {
			isa = PBXFrameworksBuildPhase;
			buildActionMask = 2147483647;
			files = (
				6003F5B0195388D20070C39A /* XCTest.framework in Frameworks */,
				6003F5B2195388D20070C39A /* UIKit.framework in Frameworks */,
				6003F5B1195388D20070C39A /* Foundation.framework in Frameworks */,
			);
			runOnlyForDeploymentPostprocessing = 0;
		};
/* End PBXFrameworksBuildPhase section */

/* Begin PBXGroup section */
		5BCCC2EF6D4F37F687772EAE /* PBLiveLoader */ = {
			isa = PBXGroup;
			children = (
				BBB1FFF75A24FC06E88ED9B5 /* PBDirectoryWatcher.h */,
				7EABA13D974756CAFB58BED8 /* PBDirectoryWatcher.m */,
				B241F55457D7F3086D8DBCFD /* PBLiveLoader.h */,
				428300620C3FC16A7E7C8734 /* PBLiveLoader.m */,
			);
			name = PBLiveLoader;
			sourceTree = SOURCE_ROOT;
		};
		5CE6B459E38D88E8956D5D60 /* PBLocalhost */ = {
			isa = PBXGroup;
			children = (
				1DEAB0540A7C32634CC14DA0 /* ignore.h */,
			);
			name = PBLocalhost;
			sourceTree = "<group>";
		};
		6003F581195388D10070C39A = {
			isa = PBXGroup;
			children = (
				60FF7A9C1954A5C5007DD14C /* Podspec Metadata */,
				6003F593195388D20070C39A /* Example for Pbind */,
				6003F5B5195388D20070C39A /* Tests */,
				6003F58C195388D20070C39A /* Frameworks */,
				6003F58B195388D20070C39A /* Products */,
				614EE4597655475B688B1510 /* Pods */,
				5BCCC2EF6D4F37F687772EAE /* PBLiveLoader */,
				5CE6B459E38D88E8956D5D60 /* PBLocalhost */,
			);
			sourceTree = "<group>";
		};
		6003F58B195388D20070C39A /* Products */ = {
			isa = PBXGroup;
			children = (
				6003F58A195388D20070C39A /* Pbind_Example.app */,
				6003F5AE195388D20070C39A /* Pbind_Tests.xctest */,
			);
			name = Products;
			sourceTree = "<group>";
		};
		6003F58C195388D20070C39A /* Frameworks */ = {
			isa = PBXGroup;
			children = (
				6003F58D195388D20070C39A /* Foundation.framework */,
				6003F58F195388D20070C39A /* CoreGraphics.framework */,
				6003F591195388D20070C39A /* UIKit.framework */,
				6003F5AF195388D20070C39A /* XCTest.framework */,
				1D00B557B589B6EFFFCB852E /* Pods_Pbind_Example.framework */,
				0FDAE7C21C76D694B2FD3681 /* Pods_Pbind_Tests.framework */,
			);
			name = Frameworks;
			sourceTree = "<group>";
		};
		6003F593195388D20070C39A /* Example for Pbind */ = {
			isa = PBXGroup;
			children = (
				F89500CA1D87AB8E0038A3E5 /* Plist */,
				F89500C91D87AB880038A3E5 /* View */,
				F89500C81D87AB820038A3E5 /* Client */,
				F89500C71D87AB7B0038A3E5 /* Adapter */,
				6003F59C195388D20070C39A /* PBAppDelegate.h */,
				6003F59D195388D20070C39A /* PBAppDelegate.m */,
				873B8AEA1B1F5CCA007FD442 /* Main.storyboard */,
				6003F5A5195388D20070C39A /* PBGroupInfoController.h */,
				6003F5A6195388D20070C39A /* PBGroupInfoController.m */,
				F89500DD1D87AC0E0038A3E5 /* PBCreateGroupController.h */,
				F89500DE1D87AC0E0038A3E5 /* PBCreateGroupController.m */,
				6003F5A8195388D20070C39A /* Images.xcassets */,
				6003F594195388D20070C39A /* Supporting Files */,
			);
			name = "Example for Pbind";
			path = Pbind;
			sourceTree = "<group>";
		};
		6003F594195388D20070C39A /* Supporting Files */ = {
			isa = PBXGroup;
			children = (
				6003F595195388D20070C39A /* Pbind-Info.plist */,
				6003F596195388D20070C39A /* InfoPlist.strings */,
				6003F599195388D20070C39A /* main.m */,
				6003F59B195388D20070C39A /* Pbind-Prefix.pch */,
			);
			name = "Supporting Files";
			sourceTree = "<group>";
		};
		6003F5B5195388D20070C39A /* Tests */ = {
			isa = PBXGroup;
			children = (
				F89500E01D87B0C20038A3E5 /* PBValueParserTests.m */,
				F80D432F1D8E667D00FF298B /* PBExpressionTests.m */,
				F8039BDE1E3437DC009C5372 /* Benchmark */,
				F8039BE91E343B11009C5372 /* BMParsingTests.m */,
				6003F5B6195388D20070C39A /* Supporting Files */,
			);
			path = Tests;
			sourceTree = "<group>";
		};
		6003F5B6195388D20070C39A /* Supporting Files */ = {
			isa = PBXGroup;
			children = (
				6003F5B7195388D20070C39A /* Tests-Info.plist */,
				6003F5B8195388D20070C39A /* InfoPlist.strings */,
			);
			name = "Supporting Files";
			sourceTree = "<group>";
		};
		60FF7A9C1954A5C5007DD14C /* Podspec Metadata */ = {
			isa = PBXGroup;
			children = (
				6DAD5323CFB388DE0933507C /* Pbind.podspec */,
				2627027C9C8652FB25A397AA /* README.md */,
				C9A6AD796B424285D2184205 /* LICENSE */,
			);
			name = "Podspec Metadata";
			sourceTree = "<group>";
		};
		614EE4597655475B688B1510 /* Pods */ = {
			isa = PBXGroup;
			children = (
				F255872ABDC8B50205417D02 /* Pods-Pbind_Example.release.xcconfig */,
				55A1CBB835E651FB9CBFC89D /* Pods-Pbind_Example.debug.xcconfig */,
			);
			name = Pods;
			sourceTree = "<group>";
		};
		F8039BDE1E3437DC009C5372 /* Benchmark */ = {
			isa = PBXGroup;
			children = (
				F8039C2E1E47780C009C5372 /* example.plist */,
				F8039C301E47781F009C5372 /* example.xml */,
				F8039BDF1E3437DC009C5372 /* level1.plist */,
				F8039BE11E3437EB009C5372 /* level1.xml */,
				F8039BE31E343871009C5372 /* level1.json */,
				F8039BE51E343995009C5372 /* BMXMLParser.h */,
				F8039BE61E343995009C5372 /* BMXMLParser.m */,
			);
			name = Benchmark;
			path = ../Pbind/Benchmark;
			sourceTree = "<group>";
		};
		F89500C71D87AB7B0038A3E5 /* Adapter */ = {
			isa = PBXGroup;
			children = (
				F89500D71D87ABCC0038A3E5 /* UIImageView+PBExample.h */,
				F89500D81D87ABCC0038A3E5 /* UIImageView+PBExample.m */,
				F89500D91D87ABCC0038A3E5 /* PbindAdapter.h */,
				F89500DA1D87ABCC0038A3E5 /* PbindAdapter.m */,
			);
			name = Adapter;
			sourceTree = "<group>";
		};
		F89500C81D87AB820038A3E5 /* Client */ = {
			isa = PBXGroup;
			children = (
				F89500D41D87ABC00038A3E5 /* PBExampleClient.h */,
				F89500D51D87ABC00038A3E5 /* PBExampleClient.m */,
				F8A839521E02A73A0014F259 /* PBCustomUIAction.h */,
				F8A839531E02A73A0014F259 /* PBCustomUIAction.m */,
			);
			name = Client;
			sourceTree = "<group>";
		};
		F89500C91D87AB880038A3E5 /* View */ = {
			isa = PBXGroup;
			children = (
				F89500CF1D87ABAA0038A3E5 /* PBExampleGroupMemberAvatarCell.h */,
				F89500D01D87ABAA0038A3E5 /* PBExampleGroupMemberAvatarCell.m */,
				F89500D11D87ABAA0038A3E5 /* PBExampleGroupMemberAvatarCell.xib */,
			);
			name = View;
			sourceTree = "<group>";
		};
		F89500CA1D87AB8E0038A3E5 /* Plist */ = {
			isa = PBXGroup;
			children = (
				F89500CB1D87AB9C0038A3E5 /* PBCreateGroup.plist */,
				F89500CC1D87AB9C0038A3E5 /* PBExample.plist */,
				F80FB22C1D913E2400DD48F4 /* PBGroupMembers.plist */,
			);
			name = Plist;
			sourceTree = "<group>";
		};
/* End PBXGroup section */

/* Begin PBXHeadersBuildPhase section */
		44627195DDFBEF49B9070DC8 /* Headers */ = {
			isa = PBXHeadersBuildPhase;
			buildActionMask = 2147483647;
			files = (
				F8039BE71E343995009C5372 /* BMXMLParser.h in Headers */,
				B63A7B0E0E34A60FA48585E5 /* PBDirectoryWatcher.h in Headers */,
				516526C3CC17AE8E19E9A314 /* PBLiveLoader.h in Headers */,
				AE5A9EB421D4C1E65661FB6A /* ignore.h in Headers */,
			);
			runOnlyForDeploymentPostprocessing = 0;
		};
/* End PBXHeadersBuildPhase section */

/* Begin PBXNativeTarget section */
		6003F589195388D20070C39A /* Pbind_Example */ = {
			isa = PBXNativeTarget;
			buildConfigurationList = 6003F5BF195388D20070C39A /* Build configuration list for PBXNativeTarget "Pbind_Example" */;
			buildPhases = (
				BEAFFAF5C22FC952636C5D6D /* [CP] Check Pods Manifest.lock */,
				6003F586195388D20070C39A /* Sources */,
				6003F587195388D20070C39A /* Frameworks */,
				6003F588195388D20070C39A /* Resources */,
				98C05E232F6B9E66484F7A9C /* [CP] Embed Pods Frameworks */,
				EF4DD9992559F3943B28E1CB /* [CP] Copy Pods Resources */,
				44627195DDFBEF49B9070DC8 /* Headers */,
			);
			buildRules = (
			);
			dependencies = (
			);
			name = Pbind_Example;
			productName = Pbind;
			productReference = 6003F58A195388D20070C39A /* Pbind_Example.app */;
			productType = "com.apple.product-type.application";
		};
		6003F5AD195388D20070C39A /* Pbind_Tests */ = {
			isa = PBXNativeTarget;
			buildConfigurationList = 6003F5C2195388D20070C39A /* Build configuration list for PBXNativeTarget "Pbind_Tests" */;
			buildPhases = (
				6003F5AA195388D20070C39A /* Sources */,
				6003F5AB195388D20070C39A /* Frameworks */,
				6003F5AC195388D20070C39A /* Resources */,
			);
			buildRules = (
			);
			dependencies = (
				6003F5B4195388D20070C39A /* PBXTargetDependency */,
			);
			name = Pbind_Tests;
			productName = PbindTests;
			productReference = 6003F5AE195388D20070C39A /* Pbind_Tests.xctest */;
			productType = "com.apple.product-type.bundle.unit-test";
		};
/* End PBXNativeTarget section */

/* Begin PBXProject section */
		6003F582195388D10070C39A /* Project object */ = {
			isa = PBXProject;
			attributes = {
				CLASSPREFIX = PB;
				LastUpgradeCheck = 0720;
				ORGANIZATIONNAME = galenlin;
				TargetAttributes = {
					6003F589195388D20070C39A = {
						DevelopmentTeam = EAV3F88MTX;
					};
					6003F5AD195388D20070C39A = {
						TestTargetID = 6003F589195388D20070C39A;
					};
				};
			};
			buildConfigurationList = 6003F585195388D10070C39A /* Build configuration list for PBXProject "Pbind" */;
			compatibilityVersion = "Xcode 3.2";
			developmentRegion = English;
			hasScannedForEncodings = 0;
			knownRegions = (
				en,
				Base,
			);
			mainGroup = 6003F581195388D10070C39A;
			productRefGroup = 6003F58B195388D20070C39A /* Products */;
			projectDirPath = "";
			projectRoot = "";
			targets = (
				6003F589195388D20070C39A /* Pbind_Example */,
				6003F5AD195388D20070C39A /* Pbind_Tests */,
			);
		};
/* End PBXProject section */

/* Begin PBXResourcesBuildPhase section */
		6003F588195388D20070C39A /* Resources */ = {
			isa = PBXResourcesBuildPhase;
			buildActionMask = 2147483647;
			files = (
				F89500CD1D87AB9C0038A3E5 /* PBCreateGroup.plist in Resources */,
				873B8AEB1B1F5CCA007FD442 /* Main.storyboard in Resources */,
				F8039BE21E3437EB009C5372 /* level1.xml in Resources */,
				6003F5A9195388D20070C39A /* Images.xcassets in Resources */,
				6003F598195388D20070C39A /* InfoPlist.strings in Resources */,
				F8039C2F1E47780C009C5372 /* example.plist in Resources */,
				F8039C311E47781F009C5372 /* example.xml in Resources */,
				F89500CE1D87AB9C0038A3E5 /* PBExample.plist in Resources */,
				F89500D31D87ABAA0038A3E5 /* PBExampleGroupMemberAvatarCell.xib in Resources */,
				F80FB22D1D913E2400DD48F4 /* PBGroupMembers.plist in Resources */,
				F8039BE41E343871009C5372 /* level1.json in Resources */,
				F8039BE01E3437DC009C5372 /* level1.plist in Resources */,
			);
			runOnlyForDeploymentPostprocessing = 0;
		};
		6003F5AC195388D20070C39A /* Resources */ = {
			isa = PBXResourcesBuildPhase;
			buildActionMask = 2147483647;
			files = (
				6003F5BA195388D20070C39A /* InfoPlist.strings in Resources */,
			);
			runOnlyForDeploymentPostprocessing = 0;
		};
/* End PBXResourcesBuildPhase section */

/* Begin PBXShellScriptBuildPhase section */
		98C05E232F6B9E66484F7A9C /* [CP] Embed Pods Frameworks */ = {
			isa = PBXShellScriptBuildPhase;
			buildActionMask = 2147483647;
			files = (
			);
			inputPaths = (
			);
			name = "[CP] Embed Pods Frameworks";
			outputPaths = (
			);
			runOnlyForDeploymentPostprocessing = 0;
			shellPath = /bin/sh;
			shellScript = "\"${SRCROOT}/Pods/Target Support Files/Pods-Pbind_Example/Pods-Pbind_Example-frameworks.sh\"\n";
			showEnvVarsInLog = 0;
		};
		BEAFFAF5C22FC952636C5D6D /* [CP] Check Pods Manifest.lock */ = {
			isa = PBXShellScriptBuildPhase;
			buildActionMask = 2147483647;
			files = (
			);
			inputPaths = (
			);
			name = "[CP] Check Pods Manifest.lock";
			outputPaths = (
			);
			runOnlyForDeploymentPostprocessing = 0;
			shellPath = /bin/sh;
			shellScript = "diff \"${PODS_ROOT}/../Podfile.lock\" \"${PODS_ROOT}/Manifest.lock\" > /dev/null\nif [ $? != 0 ] ; then\n    # print error to STDERR\n    echo \"error: The sandbox is not in sync with the Podfile.lock. Run 'pod install' or update your CocoaPods installation.\" >&2\n    exit 1\nfi\n";
			showEnvVarsInLog = 0;
		};
		EF4DD9992559F3943B28E1CB /* [CP] Copy Pods Resources */ = {
			isa = PBXShellScriptBuildPhase;
			buildActionMask = 2147483647;
			files = (
			);
			inputPaths = (
			);
			name = "[CP] Copy Pods Resources";
			outputPaths = (
			);
			runOnlyForDeploymentPostprocessing = 0;
			shellPath = /bin/sh;
			shellScript = "\"${SRCROOT}/Pods/Target Support Files/Pods-Pbind_Example/Pods-Pbind_Example-resources.sh\"\n";
			showEnvVarsInLog = 0;
		};
/* End PBXShellScriptBuildPhase section */

/* Begin PBXSourcesBuildPhase section */
		6003F586195388D20070C39A /* Sources */ = {
			isa = PBXSourcesBuildPhase;
			buildActionMask = 2147483647;
			files = (
				6003F59E195388D20070C39A /* PBAppDelegate.m in Sources */,
				F89500DB1D87ABCC0038A3E5 /* UIImageView+PBExample.m in Sources */,
				F89500D61D87ABC00038A3E5 /* PBExampleClient.m in Sources */,
				F8A839541E02A73A0014F259 /* PBCustomUIAction.m in Sources */,
				F89500DF1D87AC0E0038A3E5 /* PBCreateGroupController.m in Sources */,
				F8039BE81E343995009C5372 /* BMXMLParser.m in Sources */,
				6003F5A7195388D20070C39A /* PBGroupInfoController.m in Sources */,
				F89500D21D87ABAA0038A3E5 /* PBExampleGroupMemberAvatarCell.m in Sources */,
				F89500DC1D87ABCC0038A3E5 /* PbindAdapter.m in Sources */,
				6003F59A195388D20070C39A /* main.m in Sources */,
				741AB18228814109F7F3CC2E /* PBDirectoryWatcher.m in Sources */,
				D3CEFE1C5CDA754B7A98EEF3 /* PBLiveLoader.m in Sources */,
			);
			runOnlyForDeploymentPostprocessing = 0;
		};
		6003F5AA195388D20070C39A /* Sources */ = {
			isa = PBXSourcesBuildPhase;
			buildActionMask = 2147483647;
			files = (
				F89500E11D87B0C20038A3E5 /* PBValueParserTests.m in Sources */,
				F80D43301D8E667D00FF298B /* PBExpressionTests.m in Sources */,
				F8039BEA1E343B11009C5372 /* BMParsingTests.m in Sources */,
			);
			runOnlyForDeploymentPostprocessing = 0;
		};
/* End PBXSourcesBuildPhase section */

/* Begin PBXTargetDependency section */
		6003F5B4195388D20070C39A /* PBXTargetDependency */ = {
			isa = PBXTargetDependency;
			target = 6003F589195388D20070C39A /* Pbind_Example */;
			targetProxy = 6003F5B3195388D20070C39A /* PBXContainerItemProxy */;
		};
/* End PBXTargetDependency section */

/* Begin PBXVariantGroup section */
		6003F596195388D20070C39A /* InfoPlist.strings */ = {
			isa = PBXVariantGroup;
			children = (
				6003F597195388D20070C39A /* en */,
			);
			name = InfoPlist.strings;
			sourceTree = "<group>";
		};
		6003F5B8195388D20070C39A /* InfoPlist.strings */ = {
			isa = PBXVariantGroup;
			children = (
				6003F5B9195388D20070C39A /* en */,
			);
			name = InfoPlist.strings;
			sourceTree = "<group>";
		};
/* End PBXVariantGroup section */

/* Begin XCBuildConfiguration section */
		6003F5BD195388D20070C39A /* Debug */ = {
			isa = XCBuildConfiguration;
			buildSettings = {
				ALWAYS_SEARCH_USER_PATHS = NO;
				CLANG_CXX_LANGUAGE_STANDARD = "gnu++0x";
				CLANG_CXX_LIBRARY = "libc++";
				CLANG_ENABLE_MODULES = YES;
				CLANG_ENABLE_OBJC_ARC = YES;
				CLANG_WARN_BOOL_CONVERSION = YES;
				CLANG_WARN_CONSTANT_CONVERSION = YES;
				CLANG_WARN_DIRECT_OBJC_ISA_USAGE = YES_ERROR;
				CLANG_WARN_EMPTY_BODY = YES;
				CLANG_WARN_ENUM_CONVERSION = YES;
				CLANG_WARN_INT_CONVERSION = YES;
				CLANG_WARN_OBJC_ROOT_CLASS = YES_ERROR;
				CLANG_WARN__DUPLICATE_METHOD_MATCH = YES;
				CODE_SIGN_IDENTITY = "iPhone Developer";
				"CODE_SIGN_IDENTITY[sdk=iphoneos*]" = "iPhone Developer";
				COPY_PHASE_STRIP = NO;
				ENABLE_TESTABILITY = YES;
				GCC_C_LANGUAGE_STANDARD = gnu99;
				GCC_DYNAMIC_NO_PIC = NO;
				GCC_OPTIMIZATION_LEVEL = 0;
				GCC_PREPROCESSOR_DEFINITIONS = (
					"DEBUG=1",
					"$(inherited)",
				);
				GCC_SYMBOLS_PRIVATE_EXTERN = NO;
				GCC_WARN_64_TO_32_BIT_CONVERSION = YES;
				GCC_WARN_ABOUT_RETURN_TYPE = YES_ERROR;
				GCC_WARN_UNDECLARED_SELECTOR = YES;
				GCC_WARN_UNINITIALIZED_AUTOS = YES_AGGRESSIVE;
				GCC_WARN_UNUSED_FUNCTION = YES;
				GCC_WARN_UNUSED_VARIABLE = YES;
				IPHONEOS_DEPLOYMENT_TARGET = 8.0;
				ONLY_ACTIVE_ARCH = YES;
				SDKROOT = iphoneos;
				TARGETED_DEVICE_FAMILY = "1,2";
			};
			name = Debug;
		};
		6003F5BE195388D20070C39A /* Release */ = {
			isa = XCBuildConfiguration;
			buildSettings = {
				ALWAYS_SEARCH_USER_PATHS = NO;
				CLANG_CXX_LANGUAGE_STANDARD = "gnu++0x";
				CLANG_CXX_LIBRARY = "libc++";
				CLANG_ENABLE_MODULES = YES;
				CLANG_ENABLE_OBJC_ARC = YES;
				CLANG_WARN_BOOL_CONVERSION = YES;
				CLANG_WARN_CONSTANT_CONVERSION = YES;
				CLANG_WARN_DIRECT_OBJC_ISA_USAGE = YES_ERROR;
				CLANG_WARN_EMPTY_BODY = YES;
				CLANG_WARN_ENUM_CONVERSION = YES;
				CLANG_WARN_INT_CONVERSION = YES;
				CLANG_WARN_OBJC_ROOT_CLASS = YES_ERROR;
				CLANG_WARN__DUPLICATE_METHOD_MATCH = YES;
				CODE_SIGN_IDENTITY = "iPhone Developer";
				"CODE_SIGN_IDENTITY[sdk=iphoneos*]" = "iPhone Developer";
				COPY_PHASE_STRIP = YES;
				ENABLE_NS_ASSERTIONS = NO;
				GCC_C_LANGUAGE_STANDARD = gnu99;
				GCC_WARN_64_TO_32_BIT_CONVERSION = YES;
				GCC_WARN_ABOUT_RETURN_TYPE = YES_ERROR;
				GCC_WARN_UNDECLARED_SELECTOR = YES;
				GCC_WARN_UNINITIALIZED_AUTOS = YES_AGGRESSIVE;
				GCC_WARN_UNUSED_FUNCTION = YES;
				GCC_WARN_UNUSED_VARIABLE = YES;
				IPHONEOS_DEPLOYMENT_TARGET = 8.0;
				SDKROOT = iphoneos;
				TARGETED_DEVICE_FAMILY = "1,2";
				VALIDATE_PRODUCT = YES;
			};
			name = Release;
		};
		6003F5C0195388D20070C39A /* Debug */ = {
			isa = XCBuildConfiguration;
			baseConfigurationReference = 55A1CBB835E651FB9CBFC89D /* Pods-Pbind_Example.debug.xcconfig */;
			buildSettings = {
				ASSETCATALOG_COMPILER_APPICON_NAME = AppIcon;
				ASSETCATALOG_COMPILER_LAUNCHIMAGE_NAME = LaunchImage;
				CODE_SIGN_IDENTITY = "iPhone Developer";
				DEVELOPMENT_TEAM = EAV3F88MTX;
				GCC_PRECOMPILE_PREFIX_HEADER = YES;
				GCC_PREFIX_HEADER = "Pbind/Pbind-Prefix.pch";
				INFOPLIST_FILE = "Pbind/Pbind-Info.plist";
				MODULE_NAME = ExampleApp;
				PRODUCT_BUNDLE_IDENTIFIER = "org.cocoapods.demo.${PRODUCT_NAME:rfc1034identifier}";
				PRODUCT_NAME = "$(TARGET_NAME)";
				WRAPPER_EXTENSION = app;
			};
			name = Debug;
		};
		6003F5C1195388D20070C39A /* Release */ = {
			isa = XCBuildConfiguration;
			baseConfigurationReference = F255872ABDC8B50205417D02 /* Pods-Pbind_Example.release.xcconfig */;
			buildSettings = {
				ASSETCATALOG_COMPILER_APPICON_NAME = AppIcon;
				ASSETCATALOG_COMPILER_LAUNCHIMAGE_NAME = LaunchImage;
				CODE_SIGN_IDENTITY = "iPhone Developer";
				DEVELOPMENT_TEAM = EAV3F88MTX;
				GCC_PRECOMPILE_PREFIX_HEADER = YES;
				GCC_PREFIX_HEADER = "Pbind/Pbind-Prefix.pch";
				INFOPLIST_FILE = "Pbind/Pbind-Info.plist";
				MODULE_NAME = ExampleApp;
				PRODUCT_BUNDLE_IDENTIFIER = "org.cocoapods.demo.${PRODUCT_NAME:rfc1034identifier}";
				PRODUCT_NAME = "$(TARGET_NAME)";
				WRAPPER_EXTENSION = app;
			};
			name = Release;
		};
		6003F5C3195388D20070C39A /* Debug */ = {
			isa = XCBuildConfiguration;
			buildSettings = {
				BUNDLE_LOADER = "$(TEST_HOST)";
				DEVELOPMENT_TEAM = "";
				FRAMEWORK_SEARCH_PATHS = (
					"$(SDKROOT)/Developer/Library/Frameworks",
					"$(inherited)",
					"$(DEVELOPER_FRAMEWORKS_DIR)",
					"$(CONFIGURATION_BUILD_DIR)/**",
					"$(CONFIGURATION_BUILD_DIR)/Pbind",
				);
				GCC_PRECOMPILE_PREFIX_HEADER = NO;
				GCC_PREFIX_HEADER = "";
				GCC_PREPROCESSOR_DEFINITIONS = (
					"DEBUG=1",
					"$(inherited)",
				);
				INFOPLIST_FILE = "Tests/Tests-Info.plist";
				PRODUCT_BUNDLE_IDENTIFIER = "org.cocoapods.demo.${PRODUCT_NAME:rfc1034identifier}";
				PRODUCT_NAME = "$(TARGET_NAME)";
				TEST_HOST = "$(BUILT_PRODUCTS_DIR)/Pbind_Example.app/Pbind_Example";
				WRAPPER_EXTENSION = xctest;
			};
			name = Debug;
		};
		6003F5C4195388D20070C39A /* Release */ = {
			isa = XCBuildConfiguration;
			buildSettings = {
				BUNDLE_LOADER = "$(TEST_HOST)";
				DEVELOPMENT_TEAM = "";
				FRAMEWORK_SEARCH_PATHS = (
					"$(SDKROOT)/Developer/Library/Frameworks",
					"$(inherited)",
					"$(DEVELOPER_FRAMEWORKS_DIR)",
					"$(CONFIGURATION_BUILD_DIR)/**",
					"$(CONFIGURATION_BUILD_DIR)/Pbind",
				);
				GCC_PRECOMPILE_PREFIX_HEADER = NO;
				GCC_PREFIX_HEADER = "";
				INFOPLIST_FILE = "Tests/Tests-Info.plist";
				PRODUCT_BUNDLE_IDENTIFIER = "org.cocoapods.demo.${PRODUCT_NAME:rfc1034identifier}";
				PRODUCT_NAME = "$(TARGET_NAME)";
				TEST_HOST = "$(BUILT_PRODUCTS_DIR)/Pbind_Example.app/Pbind_Example";
				WRAPPER_EXTENSION = xctest;
			};
			name = Release;
		};
/* End XCBuildConfiguration section */

/* Begin XCConfigurationList section */
		6003F585195388D10070C39A /* Build configuration list for PBXProject "Pbind" */ = {
			isa = XCConfigurationList;
			buildConfigurations = (
				6003F5BD195388D20070C39A /* Debug */,
				6003F5BE195388D20070C39A /* Release */,
			);
			defaultConfigurationIsVisible = 0;
			defaultConfigurationName = Debug;
		};
		6003F5BF195388D20070C39A /* Build configuration list for PBXNativeTarget "Pbind_Example" */ = {
			isa = XCConfigurationList;
			buildConfigurations = (
				6003F5C0195388D20070C39A /* Debug */,
				6003F5C1195388D20070C39A /* Release */,
			);
			defaultConfigurationIsVisible = 0;
			defaultConfigurationName = Debug;
		};
		6003F5C2195388D20070C39A /* Build configuration list for PBXNativeTarget "Pbind_Tests" */ = {
			isa = XCConfigurationList;
			buildConfigurations = (
				6003F5C3195388D20070C39A /* Debug */,
				6003F5C4195388D20070C39A /* Release */,
			);
			defaultConfigurationIsVisible = 0;
			defaultConfigurationName = Debug;
		};
/* End XCConfigurationList section */
	};
	rootObject = 6003F582195388D10070C39A /* Project object */;
}
